// !$*UTF8*$!
{
	archiveVersion = 1;
	classes = {
	};
	objectVersion = 46;
	objects = {

/* Begin PBXAggregateTarget section */
		"Frisbee::FrisbeePackageTests::ProductTarget" /* FrisbeePackageTests */ = {
			isa = PBXAggregateTarget;
			buildConfigurationList = OBJ_39 /* Build configuration list for PBXAggregateTarget "FrisbeePackageTests" */;
			buildPhases = (
			);
			dependencies = (
				OBJ_42 /* PBXTargetDependency */,
			);
			name = FrisbeePackageTests;
			productName = FrisbeePackageTests;
		};
/* End PBXAggregateTarget section */

/* Begin PBXBuildFile section */
		3434A0B21FE7D9CC000659E5 /* URLRequestFactory.swift in Sources */ = {isa = PBXBuildFile; fileRef = 3434A0B01FE7D952000659E5 /* URLRequestFactory.swift */; };
		3434A0B41FE7D9FF000659E5 /* URLSessionFactory.swift in Sources */ = {isa = PBXBuildFile; fileRef = 3434A0B31FE7D9FF000659E5 /* URLSessionFactory.swift */; };
		3434A0B61FE7DA5A000659E5 /* HTTPMethod.swift in Sources */ = {isa = PBXBuildFile; fileRef = 3434A0B51FE7DA5A000659E5 /* HTTPMethod.swift */; };
		3434A0BA1FE7DC30000659E5 /* URLRequestFactoryTests.swift in Sources */ = {isa = PBXBuildFile; fileRef = 3434A0B81FE7DBC4000659E5 /* URLRequestFactoryTests.swift */; };
		3434A0BC1FE7DD74000659E5 /* URLSessionFactoryTests.swift in Sources */ = {isa = PBXBuildFile; fileRef = 3434A0BB1FE7DD74000659E5 /* URLSessionFactoryTests.swift */; };
		3434A0BF1FE7E025000659E5 /* IntegrationNetworkGetTests.swift in Sources */ = {isa = PBXBuildFile; fileRef = 3434A0BE1FE7E025000659E5 /* IntegrationNetworkGetTests.swift */; };
		344DD87B1FFEFBE40021350B /* URLWithQueryBuilder.swift in Sources */ = {isa = PBXBuildFile; fileRef = 344DD8791FFEFB120021350B /* URLWithQueryBuilder.swift */; };
		344DD87D1FFEFC910021350B /* URLWithQueryBuilderTests.swift in Sources */ = {isa = PBXBuildFile; fileRef = 344DD87C1FFEFC910021350B /* URLWithQueryBuilderTests.swift */; };
		344FC71A1FE5B93200958CE4 /* Getable.swift in Sources */ = {isa = PBXBuildFile; fileRef = 344FC7191FE5B93200958CE4 /* Getable.swift */; };
		344FC71C1FE5B9D500958CE4 /* FrisbeeError.swift in Sources */ = {isa = PBXBuildFile; fileRef = 344FC71B1FE5B9D500958CE4 /* FrisbeeError.swift */; };
		344FC71E1FE5BA0200958CE4 /* Result.swift in Sources */ = {isa = PBXBuildFile; fileRef = 344FC71D1FE5BA0200958CE4 /* Result.swift */; };
		344FC7201FE5BBFE00958CE4 /* NetworkGetter.swift in Sources */ = {isa = PBXBuildFile; fileRef = 344FC71F1FE5BBFE00958CE4 /* NetworkGetter.swift */; };
		344FC7241FE5C86200958CE4 /* Result+Equatable.swift in Sources */ = {isa = PBXBuildFile; fileRef = 344FC7221FE5BDD400958CE4 /* Result+Equatable.swift */; };
		344FC7261FE5D76B00958CE4 /* ResultGenerator.swift in Sources */ = {isa = PBXBuildFile; fileRef = 344FC7251FE5D76B00958CE4 /* ResultGenerator.swift */; };
		344FC7291FE5D7FC00958CE4 /* ResultGeneratorTests.swift in Sources */ = {isa = PBXBuildFile; fileRef = 344FC7271FE5D7F900958CE4 /* ResultGeneratorTests.swift */; };
		344FC72E1FE5DA3D00958CE4 /* Error+Equatable.swift in Sources */ = {isa = PBXBuildFile; fileRef = 344FC72C1FE5DA2C00958CE4 /* Error+Equatable.swift */; };
		344FC72F1FE5DA4200958CE4 /* Result+Data.swift in Sources */ = {isa = PBXBuildFile; fileRef = 344FC72A1FE5DA0300958CE4 /* Result+Data.swift */; };
		34F9C72A1FE89EF5002C1EB0 /* QueryItemBuilderTests.swift in Sources */ = {isa = PBXBuildFile; fileRef = 34F9C7291FE89EF5002C1EB0 /* QueryItemBuilderTests.swift */; };
		34F9C72C1FE89F44002C1EB0 /* QueryItemBuilder.swift in Sources */ = {isa = PBXBuildFile; fileRef = 34F9C72B1FE89F44002C1EB0 /* QueryItemBuilder.swift */; };
		OBJ_21 /* Package.swift in Sources */ = {isa = PBXBuildFile; fileRef = OBJ_6 /* Package.swift */; };
		OBJ_27 /* NetworkGetterTests.swift in Sources */ = {isa = PBXBuildFile; fileRef = OBJ_12 /* NetworkGetterTests.swift */; };
		OBJ_29 /* Frisbee.framework in Frameworks */ = {isa = PBXBuildFile; fileRef = "Frisbee::Frisbee::Product" /* Frisbee.framework */; };
/* End PBXBuildFile section */

/* Begin PBXContainerItemProxy section */
		344FC7171FE5B41500958CE4 /* PBXContainerItemProxy */ = {
			isa = PBXContainerItemProxy;
			containerPortal = OBJ_1 /* Project object */;
			proxyType = 1;
			remoteGlobalIDString = "Frisbee::Frisbee";
			remoteInfo = Frisbee;
		};
		344FC7181FE5B41600958CE4 /* PBXContainerItemProxy */ = {
			isa = PBXContainerItemProxy;
			containerPortal = OBJ_1 /* Project object */;
			proxyType = 1;
			remoteGlobalIDString = "Frisbee::FrisbeeTests";
			remoteInfo = FrisbeeTests;
		};
/* End PBXContainerItemProxy section */

/* Begin PBXFileReference section */
		3434A0B01FE7D952000659E5 /* URLRequestFactory.swift */ = {isa = PBXFileReference; lastKnownFileType = sourcecode.swift; path = URLRequestFactory.swift; sourceTree = "<group>"; };
		3434A0B31FE7D9FF000659E5 /* URLSessionFactory.swift */ = {isa = PBXFileReference; lastKnownFileType = sourcecode.swift; path = URLSessionFactory.swift; sourceTree = "<group>"; };
		3434A0B51FE7DA5A000659E5 /* HTTPMethod.swift */ = {isa = PBXFileReference; lastKnownFileType = sourcecode.swift; path = HTTPMethod.swift; sourceTree = "<group>"; };
		3434A0B81FE7DBC4000659E5 /* URLRequestFactoryTests.swift */ = {isa = PBXFileReference; lastKnownFileType = sourcecode.swift; path = URLRequestFactoryTests.swift; sourceTree = "<group>"; };
		3434A0BB1FE7DD74000659E5 /* URLSessionFactoryTests.swift */ = {isa = PBXFileReference; lastKnownFileType = sourcecode.swift; path = URLSessionFactoryTests.swift; sourceTree = "<group>"; };
		3434A0BE1FE7E025000659E5 /* IntegrationNetworkGetTests.swift */ = {isa = PBXFileReference; lastKnownFileType = sourcecode.swift; path = IntegrationNetworkGetTests.swift; sourceTree = "<group>"; };
		344DD8791FFEFB120021350B /* URLWithQueryBuilder.swift */ = {isa = PBXFileReference; lastKnownFileType = sourcecode.swift; path = URLWithQueryBuilder.swift; sourceTree = "<group>"; };
		344DD87C1FFEFC910021350B /* URLWithQueryBuilderTests.swift */ = {isa = PBXFileReference; lastKnownFileType = sourcecode.swift; path = URLWithQueryBuilderTests.swift; sourceTree = "<group>"; };
		344FC7191FE5B93200958CE4 /* Getable.swift */ = {isa = PBXFileReference; lastKnownFileType = sourcecode.swift; path = Getable.swift; sourceTree = "<group>"; };
		344FC71B1FE5B9D500958CE4 /* FrisbeeError.swift */ = {isa = PBXFileReference; lastKnownFileType = sourcecode.swift; path = FrisbeeError.swift; sourceTree = "<group>"; };
		344FC71D1FE5BA0200958CE4 /* Result.swift */ = {isa = PBXFileReference; lastKnownFileType = sourcecode.swift; path = Result.swift; sourceTree = "<group>"; };
		344FC71F1FE5BBFE00958CE4 /* NetworkGetter.swift */ = {isa = PBXFileReference; lastKnownFileType = sourcecode.swift; path = NetworkGetter.swift; sourceTree = "<group>"; };
		344FC7221FE5BDD400958CE4 /* Result+Equatable.swift */ = {isa = PBXFileReference; lastKnownFileType = sourcecode.swift; path = "Result+Equatable.swift"; sourceTree = "<group>"; };
		344FC7251FE5D76B00958CE4 /* ResultGenerator.swift */ = {isa = PBXFileReference; lastKnownFileType = sourcecode.swift; path = ResultGenerator.swift; sourceTree = "<group>"; };
		344FC7271FE5D7F900958CE4 /* ResultGeneratorTests.swift */ = {isa = PBXFileReference; lastKnownFileType = sourcecode.swift; path = ResultGeneratorTests.swift; sourceTree = "<group>"; };
		344FC72A1FE5DA0300958CE4 /* Result+Data.swift */ = {isa = PBXFileReference; lastKnownFileType = sourcecode.swift; path = "Result+Data.swift"; sourceTree = "<group>"; };
		344FC72C1FE5DA2C00958CE4 /* Error+Equatable.swift */ = {isa = PBXFileReference; lastKnownFileType = sourcecode.swift; path = "Error+Equatable.swift"; sourceTree = "<group>"; };
		34F9C7291FE89EF5002C1EB0 /* QueryItemBuilderTests.swift */ = {isa = PBXFileReference; fileEncoding = 4; lastKnownFileType = sourcecode.swift; path = QueryItemBuilderTests.swift; sourceTree = "<group>"; };
		34F9C72B1FE89F44002C1EB0 /* QueryItemBuilder.swift */ = {isa = PBXFileReference; fileEncoding = 4; lastKnownFileType = sourcecode.swift; path = QueryItemBuilder.swift; sourceTree = "<group>"; };
		"Frisbee::Frisbee::Product" /* Frisbee.framework */ = {isa = PBXFileReference; explicitFileType = wrapper.framework; path = Frisbee.framework; sourceTree = BUILT_PRODUCTS_DIR; };
		"Frisbee::FrisbeeTests::Product" /* FrisbeeTests.xctest */ = {isa = PBXFileReference; lastKnownFileType = file; path = FrisbeeTests.xctest; sourceTree = BUILT_PRODUCTS_DIR; };
		OBJ_12 /* NetworkGetterTests.swift */ = {isa = PBXFileReference; lastKnownFileType = sourcecode.swift; path = NetworkGetterTests.swift; sourceTree = "<group>"; };
		OBJ_6 /* Package.swift */ = {isa = PBXFileReference; explicitFileType = sourcecode.swift; path = Package.swift; sourceTree = "<group>"; };
/* End PBXFileReference section */

/* Begin PBXFrameworksBuildPhase section */
		OBJ_28 /* Frameworks */ = {
			isa = PBXFrameworksBuildPhase;
			buildActionMask = 0;
			files = (
				OBJ_29 /* Frisbee.framework in Frameworks */,
			);
			runOnlyForDeploymentPostprocessing = 0;
		};
		OBJ_37 /* Frameworks */ = {
			isa = PBXFrameworksBuildPhase;
			buildActionMask = 0;
			files = (
			);
			runOnlyForDeploymentPostprocessing = 0;
		};
/* End PBXFrameworksBuildPhase section */

/* Begin PBXGroup section */
		3434A0AF1FE7D912000659E5 /* Factories */ = {
			isa = PBXGroup;
			children = (
				3434A0B01FE7D952000659E5 /* URLRequestFactory.swift */,
				3434A0B31FE7D9FF000659E5 /* URLSessionFactory.swift */,
			);
			name = Factories;
			path = Sources/Frisbee/Factories;
			sourceTree = SOURCE_ROOT;
		};
		3434A0B71FE7DBA8000659E5 /* Factories */ = {
			isa = PBXGroup;
			children = (
				3434A0B81FE7DBC4000659E5 /* URLRequestFactoryTests.swift */,
				3434A0BB1FE7DD74000659E5 /* URLSessionFactoryTests.swift */,
			);
			name = Factories;
			path = Tests/FrisbeeTests/Factories;
			sourceTree = SOURCE_ROOT;
		};
		3434A0BD1FE7DFEF000659E5 /* Integration */ = {
			isa = PBXGroup;
			children = (
				3434A0BE1FE7E025000659E5 /* IntegrationNetworkGetTests.swift */,
			);
			name = Integration;
			path = Tests/FrisbeeTests/Integration;
			sourceTree = SOURCE_ROOT;
		};
		344FC7211FE5BDAE00958CE4 /* Extensions */ = {
			isa = PBXGroup;
			children = (
				344FC72C1FE5DA2C00958CE4 /* Error+Equatable.swift */,
				344FC72A1FE5DA0300958CE4 /* Result+Data.swift */,
				344FC7221FE5BDD400958CE4 /* Result+Equatable.swift */,
			);
			name = Extensions;
			path = Tests/FrisbeeTests/Extensions;
			sourceTree = SOURCE_ROOT;
		};
		344FC7301FE5DB7700958CE4 /* Requestables */ = {
			isa = PBXGroup;
			children = (
				344FC7191FE5B93200958CE4 /* Getable.swift */,
				344FC71F1FE5BBFE00958CE4 /* NetworkGetter.swift */,
			);
			name = Requestables;
			path = Sources/Frisbee/Requestables;
			sourceTree = SOURCE_ROOT;
		};
		344FC7311FE5DBAB00958CE4 /* Entities */ = {
			isa = PBXGroup;
			children = (
				344FC71B1FE5B9D500958CE4 /* FrisbeeError.swift */,
				3434A0B51FE7DA5A000659E5 /* HTTPMethod.swift */,
				344FC71D1FE5BA0200958CE4 /* Result.swift */,
			);
			name = Entities;
			path = Sources/Frisbee/Entities;
			sourceTree = SOURCE_ROOT;
		};
		344FC7321FE5DFD400958CE4 /* Requestables */ = {
			isa = PBXGroup;
			children = (
				OBJ_12 /* NetworkGetterTests.swift */,
			);
			name = Requestables;
			path = Tests/FrisbeeTests/Requestables;
			sourceTree = SOURCE_ROOT;
		};
		344FC7331FE5DFFD00958CE4 /* Interactors */ = {
			isa = PBXGroup;
			children = (
				34F9C72B1FE89F44002C1EB0 /* QueryItemBuilder.swift */,
				344FC7251FE5D76B00958CE4 /* ResultGenerator.swift */,
				344DD8791FFEFB120021350B /* URLWithQueryBuilder.swift */,
			);
			name = Interactors;
			path = Sources/Frisbee/Interactors;
			sourceTree = SOURCE_ROOT;
		};
		34F9C7241FE895F6002C1EB0 /* Interactors */ = {
			isa = PBXGroup;
			children = (
				34F9C7291FE89EF5002C1EB0 /* QueryItemBuilderTests.swift */,
				344FC7271FE5D7F900958CE4 /* ResultGeneratorTests.swift */,
				344DD87C1FFEFC910021350B /* URLWithQueryBuilderTests.swift */,
			);
			path = Interactors;
			sourceTree = SOURCE_ROOT;
		};
		OBJ_10 /* Tests */ = {
			isa = PBXGroup;
			children = (
				OBJ_11 /* FrisbeeTests */,
			);
			name = Tests;
			sourceTree = SOURCE_ROOT;
		};
		OBJ_11 /* FrisbeeTests */ = {
			isa = PBXGroup;
			children = (
				344FC7211FE5BDAE00958CE4 /* Extensions */,
				3434A0B71FE7DBA8000659E5 /* Factories */,
				3434A0BD1FE7DFEF000659E5 /* Integration */,
				34F9C7241FE895F6002C1EB0 /* Interactors */,
				344FC7321FE5DFD400958CE4 /* Requestables */,
			);
			name = FrisbeeTests;
			path = Tests/FrisbeeTests;
			sourceTree = SOURCE_ROOT;
		};
		OBJ_13 /* Products */ = {
			isa = PBXGroup;
			children = (
				"Frisbee::FrisbeeTests::Product" /* FrisbeeTests.xctest */,
				"Frisbee::Frisbee::Product" /* Frisbee.framework */,
			);
			name = Products;
			sourceTree = BUILT_PRODUCTS_DIR;
		};
		OBJ_5 = {
			isa = PBXGroup;
			children = (
				OBJ_6 /* Package.swift */,
				OBJ_13 /* Products */,
				OBJ_7 /* Sources */,
				OBJ_10 /* Tests */,
			);
			sourceTree = "<group>";
		};
		OBJ_7 /* Sources */ = {
			isa = PBXGroup;
			children = (
				OBJ_8 /* Frisbee */,
			);
			name = Sources;
			sourceTree = SOURCE_ROOT;
		};
		OBJ_8 /* Frisbee */ = {
			isa = PBXGroup;
			children = (
				344FC7311FE5DBAB00958CE4 /* Entities */,
				3434A0AF1FE7D912000659E5 /* Factories */,
				344FC7331FE5DFFD00958CE4 /* Interactors */,
				344FC7301FE5DB7700958CE4 /* Requestables */,
			);
			name = Frisbee;
			path = Sources/Frisbee;
			sourceTree = SOURCE_ROOT;
		};
/* End PBXGroup section */

/* Begin PBXNativeTarget section */
		"Frisbee::Frisbee" /* Frisbee */ = {
			isa = PBXNativeTarget;
			buildConfigurationList = OBJ_32 /* Build configuration list for PBXNativeTarget "Frisbee" */;
			buildPhases = (
				OBJ_35 /* Sources */,
				OBJ_37 /* Frameworks */,
				344BCCE41FE606D600E0A2B7 /* Swiftlint */,
			);
			buildRules = (
			);
			dependencies = (
			);
			name = Frisbee;
			productName = Frisbee;
			productReference = "Frisbee::Frisbee::Product" /* Frisbee.framework */;
			productType = "com.apple.product-type.framework";
		};
		"Frisbee::FrisbeeTests" /* FrisbeeTests */ = {
			isa = PBXNativeTarget;
			buildConfigurationList = OBJ_23 /* Build configuration list for PBXNativeTarget "FrisbeeTests" */;
			buildPhases = (
				OBJ_26 /* Sources */,
				OBJ_28 /* Frameworks */,
			);
			buildRules = (
			);
			dependencies = (
				OBJ_30 /* PBXTargetDependency */,
			);
			name = FrisbeeTests;
			productName = FrisbeeTests;
			productReference = "Frisbee::FrisbeeTests::Product" /* FrisbeeTests.xctest */;
			productType = "com.apple.product-type.bundle.unit-test";
		};
		"Frisbee::SwiftPMPackageDescription" /* FrisbeePackageDescription */ = {
			isa = PBXNativeTarget;
			buildConfigurationList = OBJ_17 /* Build configuration list for PBXNativeTarget "FrisbeePackageDescription" */;
			buildPhases = (
				OBJ_20 /* Sources */,
				344BCCE31FE606B400E0A2B7 /* Swiftlint */,
			);
			buildRules = (
			);
			dependencies = (
			);
			name = FrisbeePackageDescription;
			productName = FrisbeePackageDescription;
			productType = "com.apple.product-type.framework";
		};
/* End PBXNativeTarget section */

/* Begin PBXProject section */
		OBJ_1 /* Project object */ = {
			isa = PBXProject;
			attributes = {
				LastUpgradeCheck = 9999;
			};
			buildConfigurationList = OBJ_2 /* Build configuration list for PBXProject "Frisbee" */;
			compatibilityVersion = "Xcode 3.2";
			developmentRegion = English;
			hasScannedForEncodings = 0;
			knownRegions = (
				en,
			);
			mainGroup = OBJ_5;
			productRefGroup = OBJ_13 /* Products */;
			projectDirPath = "";
			projectRoot = "";
			targets = (
				"Frisbee::SwiftPMPackageDescription" /* FrisbeePackageDescription */,
				"Frisbee::FrisbeeTests" /* FrisbeeTests */,
				"Frisbee::Frisbee" /* Frisbee */,
				"Frisbee::FrisbeePackageTests::ProductTarget" /* FrisbeePackageTests */,
			);
		};
/* End PBXProject section */

/* Begin PBXShellScriptBuildPhase section */
		344BCCE31FE606B400E0A2B7 /* Swiftlint */ = {
			isa = PBXShellScriptBuildPhase;
			buildActionMask = 2147483647;
			files = (
			);
			inputPaths = (
			);
			name = Swiftlint;
			outputPaths = (
			);
			runOnlyForDeploymentPostprocessing = 0;
			shellPath = /bin/sh;
			shellScript = "if which swiftlint >/dev/null; then\n    swiftlint\nelse\n    echo \"warning: SwiftLint not installed, download from https://github.com/realm/SwiftLint\"\nfi";
		};
		344BCCE41FE606D600E0A2B7 /* Swiftlint */ = {
			isa = PBXShellScriptBuildPhase;
			buildActionMask = 2147483647;
			files = (
			);
			inputPaths = (
			);
			name = Swiftlint;
			outputPaths = (
			);
			runOnlyForDeploymentPostprocessing = 0;
			shellPath = /bin/sh;
			shellScript = "if which swiftlint >/dev/null; then\n    swiftlint\nelse\n    echo \"warning: SwiftLint not installed, download from https://github.com/realm/SwiftLint\"\nfi";
		};
/* End PBXShellScriptBuildPhase section */

/* Begin PBXSourcesBuildPhase section */
		OBJ_20 /* Sources */ = {
			isa = PBXSourcesBuildPhase;
			buildActionMask = 0;
			files = (
				OBJ_21 /* Package.swift in Sources */,
			);
			runOnlyForDeploymentPostprocessing = 0;
		};
		OBJ_26 /* Sources */ = {
			isa = PBXSourcesBuildPhase;
			buildActionMask = 0;
			files = (
				3434A0BF1FE7E025000659E5 /* IntegrationNetworkGetTests.swift in Sources */,
				3434A0BA1FE7DC30000659E5 /* URLRequestFactoryTests.swift in Sources */,
				344FC7291FE5D7FC00958CE4 /* ResultGeneratorTests.swift in Sources */,
				344FC72E1FE5DA3D00958CE4 /* Error+Equatable.swift in Sources */,
				344DD87D1FFEFC910021350B /* URLWithQueryBuilderTests.swift in Sources */,
				OBJ_27 /* NetworkGetterTests.swift in Sources */,
				34F9C72A1FE89EF5002C1EB0 /* QueryItemBuilderTests.swift in Sources */,
				344FC7241FE5C86200958CE4 /* Result+Equatable.swift in Sources */,
				344FC72F1FE5DA4200958CE4 /* Result+Data.swift in Sources */,
				3434A0BC1FE7DD74000659E5 /* URLSessionFactoryTests.swift in Sources */,
			);
			runOnlyForDeploymentPostprocessing = 0;
		};
		OBJ_35 /* Sources */ = {
			isa = PBXSourcesBuildPhase;
			buildActionMask = 0;
			files = (
				344FC71A1FE5B93200958CE4 /* Getable.swift in Sources */,
				344DD87B1FFEFBE40021350B /* URLWithQueryBuilder.swift in Sources */,
				3434A0B41FE7D9FF000659E5 /* URLSessionFactory.swift in Sources */,
				344FC71E1FE5BA0200958CE4 /* Result.swift in Sources */,
				344FC7261FE5D76B00958CE4 /* ResultGenerator.swift in Sources */,
				3434A0B61FE7DA5A000659E5 /* HTTPMethod.swift in Sources */,
				344FC7201FE5BBFE00958CE4 /* NetworkGetter.swift in Sources */,
				3434A0B21FE7D9CC000659E5 /* URLRequestFactory.swift in Sources */,
				344FC71C1FE5B9D500958CE4 /* FrisbeeError.swift in Sources */,
				34F9C72C1FE89F44002C1EB0 /* QueryItemBuilder.swift in Sources */,
			);
			runOnlyForDeploymentPostprocessing = 0;
		};
/* End PBXSourcesBuildPhase section */

/* Begin PBXTargetDependency section */
		OBJ_30 /* PBXTargetDependency */ = {
			isa = PBXTargetDependency;
			target = "Frisbee::Frisbee" /* Frisbee */;
			targetProxy = 344FC7171FE5B41500958CE4 /* PBXContainerItemProxy */;
		};
		OBJ_42 /* PBXTargetDependency */ = {
			isa = PBXTargetDependency;
			target = "Frisbee::FrisbeeTests" /* FrisbeeTests */;
			targetProxy = 344FC7181FE5B41600958CE4 /* PBXContainerItemProxy */;
		};
/* End PBXTargetDependency section */

/* Begin XCBuildConfiguration section */
		OBJ_18 /* Debug */ = {
			isa = XCBuildConfiguration;
			buildSettings = {
				LD = /usr/bin/true;
				OTHER_SWIFT_FLAGS = "-swift-version 4 -I /Applications/Xcode_9.0.1.app/Contents/Developer/Toolchains/XcodeDefault.xctoolchain/usr/lib/swift/pm/4 -target x86_64-apple-macosx10.10 -sdk /Applications/Xcode_9.0.1.app/Contents/Developer/Platforms/MacOSX.platform/Developer/SDKs/MacOSX10.13.sdk";
				SWIFT_VERSION = 4.0;
			};
			name = Debug;
		};
		OBJ_19 /* Release */ = {
			isa = XCBuildConfiguration;
			buildSettings = {
				LD = /usr/bin/true;
				OTHER_SWIFT_FLAGS = "-swift-version 4 -I /Applications/Xcode_9.0.1.app/Contents/Developer/Toolchains/XcodeDefault.xctoolchain/usr/lib/swift/pm/4 -target x86_64-apple-macosx10.10 -sdk /Applications/Xcode_9.0.1.app/Contents/Developer/Platforms/MacOSX.platform/Developer/SDKs/MacOSX10.13.sdk";
				SWIFT_VERSION = 4.0;
			};
			name = Release;
		};
		OBJ_24 /* Debug */ = {
			isa = XCBuildConfiguration;
			buildSettings = {
				EMBEDDED_CONTENT_CONTAINS_SWIFT = YES;
				FRAMEWORK_SEARCH_PATHS = (
					"$(inherited)",
					"$(PLATFORM_DIR)/Developer/Library/Frameworks",
				);
				HEADER_SEARCH_PATHS = "$(inherited)";
				INFOPLIST_FILE = Frisbee.xcodeproj/FrisbeeTests_Info.plist;
				LD_RUNPATH_SEARCH_PATHS = "@loader_path/../Frameworks @loader_path/Frameworks";
				OTHER_LDFLAGS = "$(inherited)";
				OTHER_SWIFT_FLAGS = "$(inherited)";
				SWIFT_VERSION = 4.0;
				TARGET_NAME = FrisbeeTests;
			};
			name = Debug;
		};
		OBJ_25 /* Release */ = {
			isa = XCBuildConfiguration;
			buildSettings = {
				EMBEDDED_CONTENT_CONTAINS_SWIFT = YES;
				FRAMEWORK_SEARCH_PATHS = (
					"$(inherited)",
					"$(PLATFORM_DIR)/Developer/Library/Frameworks",
				);
				HEADER_SEARCH_PATHS = "$(inherited)";
				INFOPLIST_FILE = Frisbee.xcodeproj/FrisbeeTests_Info.plist;
				LD_RUNPATH_SEARCH_PATHS = "@loader_path/../Frameworks @loader_path/Frameworks";
				OTHER_LDFLAGS = "$(inherited)";
				OTHER_SWIFT_FLAGS = "$(inherited)";
				SWIFT_VERSION = 4.0;
				TARGET_NAME = FrisbeeTests;
			};
			name = Release;
		};
		OBJ_3 /* Debug */ = {
			isa = XCBuildConfiguration;
			buildSettings = {
				CLANG_ENABLE_OBJC_ARC = YES;
				COMBINE_HIDPI_IMAGES = YES;
				COPY_PHASE_STRIP = NO;
				DEBUG_INFORMATION_FORMAT = dwarf;
				DYLIB_INSTALL_NAME_BASE = "@rpath";
				ENABLE_NS_ASSERTIONS = YES;
				GCC_OPTIMIZATION_LEVEL = 0;
				MACOSX_DEPLOYMENT_TARGET = 10.10;
				ONLY_ACTIVE_ARCH = YES;
				OTHER_SWIFT_FLAGS = "-DXcode";
				PRODUCT_NAME = "$(TARGET_NAME)";
				SDKROOT = macosx;
				SUPPORTED_PLATFORMS = "macosx iphoneos iphonesimulator appletvos appletvsimulator watchos watchsimulator";
				SWIFT_ACTIVE_COMPILATION_CONDITIONS = SWIFT_PACKAGE;
				SWIFT_OPTIMIZATION_LEVEL = "-Onone";
				USE_HEADERMAP = NO;
			};
			name = Debug;
		};
		OBJ_33 /* Debug */ = {
			isa = XCBuildConfiguration;
			buildSettings = {
				ENABLE_TESTABILITY = YES;
				FRAMEWORK_SEARCH_PATHS = (
					"$(inherited)",
					"$(PLATFORM_DIR)/Developer/Library/Frameworks",
				);
				HEADER_SEARCH_PATHS = "$(inherited)";
				INFOPLIST_FILE = Frisbee.xcodeproj/Frisbee_Info.plist;
				LD_RUNPATH_SEARCH_PATHS = "$(TOOLCHAIN_DIR)/usr/lib/swift/macosx";
				OTHER_LDFLAGS = "$(inherited)";
				OTHER_SWIFT_FLAGS = "$(inherited)";
				PRODUCT_BUNDLE_IDENTIFIER = Frisbee;
				PRODUCT_MODULE_NAME = "$(TARGET_NAME:c99extidentifier)";
				PRODUCT_NAME = "$(TARGET_NAME:c99extidentifier)";
				SKIP_INSTALL = YES;
				SWIFT_VERSION = 4.0;
				TARGET_NAME = Frisbee;
			};
			name = Debug;
		};
		OBJ_34 /* Release */ = {
			isa = XCBuildConfiguration;
			buildSettings = {
				ENABLE_TESTABILITY = YES;
				FRAMEWORK_SEARCH_PATHS = (
					"$(inherited)",
					"$(PLATFORM_DIR)/Developer/Library/Frameworks",
				);
				HEADER_SEARCH_PATHS = "$(inherited)";
				INFOPLIST_FILE = Frisbee.xcodeproj/Frisbee_Info.plist;
				LD_RUNPATH_SEARCH_PATHS = "$(TOOLCHAIN_DIR)/usr/lib/swift/macosx";
				OTHER_LDFLAGS = "$(inherited)";
				OTHER_SWIFT_FLAGS = "$(inherited)";
				PRODUCT_BUNDLE_IDENTIFIER = Frisbee;
				PRODUCT_MODULE_NAME = "$(TARGET_NAME:c99extidentifier)";
				PRODUCT_NAME = "$(TARGET_NAME:c99extidentifier)";
				SKIP_INSTALL = YES;
				SWIFT_VERSION = 4.0;
				TARGET_NAME = Frisbee;
			};
			name = Release;
		};
		OBJ_4 /* Release */ = {
			isa = XCBuildConfiguration;
			buildSettings = {
				CLANG_ENABLE_OBJC_ARC = YES;
				COMBINE_HIDPI_IMAGES = YES;
				COPY_PHASE_STRIP = YES;
				DEBUG_INFORMATION_FORMAT = "dwarf-with-dsym";
				DYLIB_INSTALL_NAME_BASE = "@rpath";
				GCC_OPTIMIZATION_LEVEL = s;
				MACOSX_DEPLOYMENT_TARGET = 10.10;
				OTHER_SWIFT_FLAGS = "-DXcode";
				PRODUCT_NAME = "$(TARGET_NAME)";
				SDKROOT = macosx;
				SUPPORTED_PLATFORMS = "macosx iphoneos iphonesimulator appletvos appletvsimulator watchos watchsimulator";
				SWIFT_ACTIVE_COMPILATION_CONDITIONS = SWIFT_PACKAGE;
				SWIFT_OPTIMIZATION_LEVEL = "-Owholemodule";
				USE_HEADERMAP = NO;
			};
			name = Release;
		};
		OBJ_40 /* Debug */ = {
			isa = XCBuildConfiguration;
			buildSettings = {
			};
			name = Debug;
		};
		OBJ_41 /* Release */ = {
			isa = XCBuildConfiguration;
			buildSettings = {
			};
			name = Release;
		};
/* End XCBuildConfiguration section */

/* Begin XCConfigurationList section */
		OBJ_17 /* Build configuration list for PBXNativeTarget "FrisbeePackageDescription" */ = {
			isa = XCConfigurationList;
			buildConfigurations = (
				OBJ_18 /* Debug */,
				OBJ_19 /* Release */,
			);
			defaultConfigurationIsVisible = 0;
			defaultConfigurationName = Debug;
		};
		OBJ_2 /* Build configuration list for PBXProject "Frisbee" */ = {
			isa = XCConfigurationList;
			buildConfigurations = (
				OBJ_3 /* Debug */,
				OBJ_4 /* Release */,
			);
			defaultConfigurationIsVisible = 0;
			defaultConfigurationName = Debug;
		};
		OBJ_23 /* Build configuration list for PBXNativeTarget "FrisbeeTests" */ = {
			isa = XCConfigurationList;
			buildConfigurations = (
				OBJ_24 /* Debug */,
				OBJ_25 /* Release */,
			);
			defaultConfigurationIsVisible = 0;
			defaultConfigurationName = Debug;
		};
		OBJ_32 /* Build configuration list for PBXNativeTarget "Frisbee" */ = {
			isa = XCConfigurationList;
			buildConfigurations = (
				OBJ_33 /* Debug */,
				OBJ_34 /* Release */,
			);
			defaultConfigurationIsVisible = 0;
			defaultConfigurationName = Debug;
		};
		OBJ_39 /* Build configuration list for PBXAggregateTarget "FrisbeePackageTests" */ = {
			isa = XCConfigurationList;
			buildConfigurations = (
				OBJ_40 /* Debug */,
				OBJ_41 /* Release */,
			);
			defaultConfigurationIsVisible = 0;
			defaultConfigurationName = Debug;
		};
/* End XCConfigurationList section */
	};
	rootObject = OBJ_1 /* Project object */;
}
