// !$*UTF8*$!
{
	archiveVersion = 1;
	classes = {
	};
	objectVersion = 46;
	objects = {

/* Begin PBXAggregateTarget section */
		"Frisbee::FrisbeePackageTests::ProductTarget" /* FrisbeePackageTests */ = {
			isa = PBXAggregateTarget;
			buildConfigurationList = OBJ_39 /* Build configuration list for PBXAggregateTarget "FrisbeePackageTests" */;
			buildPhases = (
			);
			dependencies = (
				OBJ_42 /* PBXTargetDependency */,
			);
			name = FrisbeePackageTests;
			productName = FrisbeePackageTests;
		};
/* End PBXAggregateTarget section */

/* Begin PBXBuildFile section */
		344FC71A1FE5B93200958CE4 /* FBEGetable.swift in Sources */ = {isa = PBXBuildFile; fileRef = 344FC7191FE5B93200958CE4 /* FBEGetable.swift */; };
		344FC71C1FE5B9D500958CE4 /* FBEError.swift in Sources */ = {isa = PBXBuildFile; fileRef = 344FC71B1FE5B9D500958CE4 /* FBEError.swift */; };
		344FC71E1FE5BA0200958CE4 /* FBEResult.swift in Sources */ = {isa = PBXBuildFile; fileRef = 344FC71D1FE5BA0200958CE4 /* FBEResult.swift */; };
		344FC7201FE5BBFE00958CE4 /* FBENetworkGet.swift in Sources */ = {isa = PBXBuildFile; fileRef = 344FC71F1FE5BBFE00958CE4 /* FBENetworkGet.swift */; };
		344FC7231FE5BDD400958CE4 /* FBEResult+Equatable.swift in Sources */ = {isa = PBXBuildFile; fileRef = 344FC7221FE5BDD400958CE4 /* FBEResult+Equatable.swift */; };
		OBJ_21 /* Package.swift in Sources */ = {isa = PBXBuildFile; fileRef = OBJ_6 /* Package.swift */; };
		OBJ_27 /* FBENetworkGetTests.swift in Sources */ = {isa = PBXBuildFile; fileRef = OBJ_12 /* FBENetworkGetTests.swift */; };
		OBJ_29 /* Frisbee.framework in Frameworks */ = {isa = PBXBuildFile; fileRef = "Frisbee::Frisbee::Product" /* Frisbee.framework */; };
		OBJ_36 /* Frisbee.swift in Sources */ = {isa = PBXBuildFile; fileRef = OBJ_9 /* Frisbee.swift */; };
/* End PBXBuildFile section */

/* Begin PBXContainerItemProxy section */
		344FC7171FE5B41500958CE4 /* PBXContainerItemProxy */ = {
			isa = PBXContainerItemProxy;
			containerPortal = OBJ_1 /* Project object */;
			proxyType = 1;
			remoteGlobalIDString = "Frisbee::Frisbee";
			remoteInfo = Frisbee;
		};
		344FC7181FE5B41600958CE4 /* PBXContainerItemProxy */ = {
			isa = PBXContainerItemProxy;
			containerPortal = OBJ_1 /* Project object */;
			proxyType = 1;
			remoteGlobalIDString = "Frisbee::FrisbeeTests";
			remoteInfo = FrisbeeTests;
		};
/* End PBXContainerItemProxy section */

/* Begin PBXFileReference section */
		344FC7191FE5B93200958CE4 /* FBEGetable.swift */ = {isa = PBXFileReference; lastKnownFileType = sourcecode.swift; path = FBEGetable.swift; sourceTree = "<group>"; };
		344FC71B1FE5B9D500958CE4 /* FBEError.swift */ = {isa = PBXFileReference; lastKnownFileType = sourcecode.swift; path = FBEError.swift; sourceTree = "<group>"; };
		344FC71D1FE5BA0200958CE4 /* FBEResult.swift */ = {isa = PBXFileReference; lastKnownFileType = sourcecode.swift; path = FBEResult.swift; sourceTree = "<group>"; };
		344FC71F1FE5BBFE00958CE4 /* FBENetworkGet.swift */ = {isa = PBXFileReference; lastKnownFileType = sourcecode.swift; path = FBENetworkGet.swift; sourceTree = "<group>"; };
		344FC7221FE5BDD400958CE4 /* FBEResult+Equatable.swift */ = {isa = PBXFileReference; lastKnownFileType = sourcecode.swift; path = "FBEResult+Equatable.swift"; sourceTree = "<group>"; };
		"Frisbee::Frisbee::Product" /* Frisbee.framework */ = {isa = PBXFileReference; explicitFileType = wrapper.framework; path = Frisbee.framework; sourceTree = BUILT_PRODUCTS_DIR; };
		"Frisbee::FrisbeeTests::Product" /* FrisbeeTests.xctest */ = {isa = PBXFileReference; lastKnownFileType = file; path = FrisbeeTests.xctest; sourceTree = BUILT_PRODUCTS_DIR; };
		OBJ_12 /* FBENetworkGetTests.swift */ = {isa = PBXFileReference; lastKnownFileType = sourcecode.swift; path = FBENetworkGetTests.swift; sourceTree = "<group>"; };
		OBJ_6 /* Package.swift */ = {isa = PBXFileReference; explicitFileType = sourcecode.swift; path = Package.swift; sourceTree = "<group>"; };
		OBJ_9 /* Frisbee.swift */ = {isa = PBXFileReference; lastKnownFileType = sourcecode.swift; path = Frisbee.swift; sourceTree = "<group>"; };
/* End PBXFileReference section */

/* Begin PBXFrameworksBuildPhase section */
		OBJ_28 /* Frameworks */ = {
			isa = PBXFrameworksBuildPhase;
			buildActionMask = 0;
			files = (
				OBJ_29 /* Frisbee.framework in Frameworks */,
			);
			runOnlyForDeploymentPostprocessing = 0;
		};
		OBJ_37 /* Frameworks */ = {
			isa = PBXFrameworksBuildPhase;
			buildActionMask = 0;
			files = (
			);
			runOnlyForDeploymentPostprocessing = 0;
		};
/* End PBXFrameworksBuildPhase section */

/* Begin PBXGroup section */
		344FC7211FE5BDAE00958CE4 /* Extensions */ = {
			isa = PBXGroup;
			children = (
				344FC7221FE5BDD400958CE4 /* FBEResult+Equatable.swift */,
			);
			name = Extensions;
			path = Tests/FrisbeeTests/Extensions;
			sourceTree = SOURCE_ROOT;
		};
		OBJ_10 /* Tests */ = {
			isa = PBXGroup;
			children = (
				OBJ_11 /* FrisbeeTests */,
			);
			name = Tests;
			sourceTree = SOURCE_ROOT;
		};
		OBJ_11 /* FrisbeeTests */ = {
			isa = PBXGroup;
			children = (
				344FC7211FE5BDAE00958CE4 /* Extensions */,
				OBJ_12 /* FBENetworkGetTests.swift */,
			);
			name = FrisbeeTests;
			path = Tests/FrisbeeTests;
			sourceTree = SOURCE_ROOT;
		};
		OBJ_13 /* Products */ = {
			isa = PBXGroup;
			children = (
				"Frisbee::FrisbeeTests::Product" /* FrisbeeTests.xctest */,
				"Frisbee::Frisbee::Product" /* Frisbee.framework */,
			);
			name = Products;
			sourceTree = BUILT_PRODUCTS_DIR;
		};
		OBJ_5 /*  */ = {
			isa = PBXGroup;
			children = (
				OBJ_6 /* Package.swift */,
				OBJ_7 /* Sources */,
				OBJ_10 /* Tests */,
				OBJ_13 /* Products */,
			);
			name = "";
			sourceTree = "<group>";
		};
		OBJ_7 /* Sources */ = {
			isa = PBXGroup;
			children = (
				OBJ_8 /* Frisbee */,
			);
			name = Sources;
			sourceTree = SOURCE_ROOT;
		};
		OBJ_8 /* Frisbee */ = {
			isa = PBXGroup;
			children = (
				344FC71B1FE5B9D500958CE4 /* FBEError.swift */,
				344FC7191FE5B93200958CE4 /* FBEGetable.swift */,
				344FC71F1FE5BBFE00958CE4 /* FBENetworkGet.swift */,
				344FC71D1FE5BA0200958CE4 /* FBEResult.swift */,
				OBJ_9 /* Frisbee.swift */,
			);
			name = Frisbee;
			path = Sources/Frisbee;
			sourceTree = SOURCE_ROOT;
		};
/* End PBXGroup section */

/* Begin PBXNativeTarget section */
		"Frisbee::Frisbee" /* Frisbee */ = {
			isa = PBXNativeTarget;
			buildConfigurationList = OBJ_32 /* Build configuration list for PBXNativeTarget "Frisbee" */;
			buildPhases = (
				OBJ_35 /* Sources */,
				OBJ_37 /* Frameworks */,
			);
			buildRules = (
			);
			dependencies = (
			);
			name = Frisbee;
			productName = Frisbee;
			productReference = "Frisbee::Frisbee::Product" /* Frisbee.framework */;
			productType = "com.apple.product-type.framework";
		};
		"Frisbee::FrisbeeTests" /* FrisbeeTests */ = {
			isa = PBXNativeTarget;
			buildConfigurationList = OBJ_23 /* Build configuration list for PBXNativeTarget "FrisbeeTests" */;
			buildPhases = (
				OBJ_26 /* Sources */,
				OBJ_28 /* Frameworks */,
			);
			buildRules = (
			);
			dependencies = (
				OBJ_30 /* PBXTargetDependency */,
			);
			name = FrisbeeTests;
			productName = FrisbeeTests;
			productReference = "Frisbee::FrisbeeTests::Product" /* FrisbeeTests.xctest */;
			productType = "com.apple.product-type.bundle.unit-test";
		};
		"Frisbee::SwiftPMPackageDescription" /* FrisbeePackageDescription */ = {
			isa = PBXNativeTarget;
			buildConfigurationList = OBJ_17 /* Build configuration list for PBXNativeTarget "FrisbeePackageDescription" */;
			buildPhases = (
				OBJ_20 /* Sources */,
			);
			buildRules = (
			);
			dependencies = (
			);
			name = FrisbeePackageDescription;
			productName = FrisbeePackageDescription;
			productType = "com.apple.product-type.framework";
		};
/* End PBXNativeTarget section */

/* Begin PBXProject section */
		OBJ_1 /* Project object */ = {
			isa = PBXProject;
			attributes = {
				LastUpgradeCheck = 9999;
			};
			buildConfigurationList = OBJ_2 /* Build configuration list for PBXProject "Frisbee" */;
			compatibilityVersion = "Xcode 3.2";
			developmentRegion = English;
			hasScannedForEncodings = 0;
			knownRegions = (
				en,
			);
			mainGroup = OBJ_5 /*  */;
			productRefGroup = OBJ_13 /* Products */;
			projectDirPath = "";
			projectRoot = "";
			targets = (
				"Frisbee::SwiftPMPackageDescription" /* FrisbeePackageDescription */,
				"Frisbee::FrisbeeTests" /* FrisbeeTests */,
				"Frisbee::Frisbee" /* Frisbee */,
				"Frisbee::FrisbeePackageTests::ProductTarget" /* FrisbeePackageTests */,
			);
		};
/* End PBXProject section */

/* Begin PBXSourcesBuildPhase section */
		OBJ_20 /* Sources */ = {
			isa = PBXSourcesBuildPhase;
			buildActionMask = 0;
			files = (
				OBJ_21 /* Package.swift in Sources */,
			);
			runOnlyForDeploymentPostprocessing = 0;
		};
		OBJ_26 /* Sources */ = {
			isa = PBXSourcesBuildPhase;
			buildActionMask = 0;
			files = (
				OBJ_27 /* FBENetworkGetTests.swift in Sources */,
			);
			runOnlyForDeploymentPostprocessing = 0;
		};
		OBJ_35 /* Sources */ = {
			isa = PBXSourcesBuildPhase;
			buildActionMask = 0;
			files = (
				344FC71A1FE5B93200958CE4 /* FBEGetable.swift in Sources */,
				344FC7231FE5BDD400958CE4 /* FBEResult+Equatable.swift in Sources */,
				344FC71E1FE5BA0200958CE4 /* FBEResult.swift in Sources */,
				OBJ_36 /* Frisbee.swift in Sources */,
				344FC7201FE5BBFE00958CE4 /* FBENetworkGet.swift in Sources */,
				344FC71C1FE5B9D500958CE4 /* FBEError.swift in Sources */,
			);
			runOnlyForDeploymentPostprocessing = 0;
		};
/* End PBXSourcesBuildPhase section */

/* Begin PBXTargetDependency section */
		OBJ_30 /* PBXTargetDependency */ = {
			isa = PBXTargetDependency;
			target = "Frisbee::Frisbee" /* Frisbee */;
			targetProxy = 344FC7171FE5B41500958CE4 /* PBXContainerItemProxy */;
		};
		OBJ_42 /* PBXTargetDependency */ = {
			isa = PBXTargetDependency;
			target = "Frisbee::FrisbeeTests" /* FrisbeeTests */;
			targetProxy = 344FC7181FE5B41600958CE4 /* PBXContainerItemProxy */;
		};
/* End PBXTargetDependency section */

/* Begin XCBuildConfiguration section */
		OBJ_18 /* Debug */ = {
			isa = XCBuildConfiguration;
			buildSettings = {
				LD = /usr/bin/true;
				OTHER_SWIFT_FLAGS = "-swift-version 4 -I /Applications/Xcode_9.0.1.app/Contents/Developer/Toolchains/XcodeDefault.xctoolchain/usr/lib/swift/pm/4 -target x86_64-apple-macosx10.10 -sdk /Applications/Xcode_9.0.1.app/Contents/Developer/Platforms/MacOSX.platform/Developer/SDKs/MacOSX10.13.sdk";
				SWIFT_VERSION = 4.0;
			};
			name = Debug;
		};
		OBJ_19 /* Release */ = {
			isa = XCBuildConfiguration;
			buildSettings = {
				LD = /usr/bin/true;
				OTHER_SWIFT_FLAGS = "-swift-version 4 -I /Applications/Xcode_9.0.1.app/Contents/Developer/Toolchains/XcodeDefault.xctoolchain/usr/lib/swift/pm/4 -target x86_64-apple-macosx10.10 -sdk /Applications/Xcode_9.0.1.app/Contents/Developer/Platforms/MacOSX.platform/Developer/SDKs/MacOSX10.13.sdk";
				SWIFT_VERSION = 4.0;
			};
			name = Release;
		};
		OBJ_24 /* Debug */ = {
			isa = XCBuildConfiguration;
			buildSettings = {
				EMBEDDED_CONTENT_CONTAINS_SWIFT = YES;
				FRAMEWORK_SEARCH_PATHS = (
					"$(inherited)",
					"$(PLATFORM_DIR)/Developer/Library/Frameworks",
				);
				HEADER_SEARCH_PATHS = "$(inherited)";
				INFOPLIST_FILE = Frisbee.xcodeproj/FrisbeeTests_Info.plist;
				LD_RUNPATH_SEARCH_PATHS = "@loader_path/../Frameworks @loader_path/Frameworks";
				OTHER_LDFLAGS = "$(inherited)";
				OTHER_SWIFT_FLAGS = "$(inherited)";
				SWIFT_VERSION = 4.0;
				TARGET_NAME = FrisbeeTests;
			};
			name = Debug;
		};
		OBJ_25 /* Release */ = {
			isa = XCBuildConfiguration;
			buildSettings = {
				EMBEDDED_CONTENT_CONTAINS_SWIFT = YES;
				FRAMEWORK_SEARCH_PATHS = (
					"$(inherited)",
					"$(PLATFORM_DIR)/Developer/Library/Frameworks",
				);
				HEADER_SEARCH_PATHS = "$(inherited)";
				INFOPLIST_FILE = Frisbee.xcodeproj/FrisbeeTests_Info.plist;
				LD_RUNPATH_SEARCH_PATHS = "@loader_path/../Frameworks @loader_path/Frameworks";
				OTHER_LDFLAGS = "$(inherited)";
				OTHER_SWIFT_FLAGS = "$(inherited)";
				SWIFT_VERSION = 4.0;
				TARGET_NAME = FrisbeeTests;
			};
			name = Release;
		};
		OBJ_3 /* Debug */ = {
			isa = XCBuildConfiguration;
			buildSettings = {
				CLANG_ENABLE_OBJC_ARC = YES;
				COMBINE_HIDPI_IMAGES = YES;
				COPY_PHASE_STRIP = NO;
				DEBUG_INFORMATION_FORMAT = dwarf;
				DYLIB_INSTALL_NAME_BASE = "@rpath";
				ENABLE_NS_ASSERTIONS = YES;
				GCC_OPTIMIZATION_LEVEL = 0;
				MACOSX_DEPLOYMENT_TARGET = 10.10;
				ONLY_ACTIVE_ARCH = YES;
				OTHER_SWIFT_FLAGS = "-DXcode";
				PRODUCT_NAME = "$(TARGET_NAME)";
				SDKROOT = macosx;
				SUPPORTED_PLATFORMS = "macosx iphoneos iphonesimulator appletvos appletvsimulator watchos watchsimulator";
				SWIFT_ACTIVE_COMPILATION_CONDITIONS = SWIFT_PACKAGE;
				SWIFT_OPTIMIZATION_LEVEL = "-Onone";
				USE_HEADERMAP = NO;
			};
			name = Debug;
		};
		OBJ_33 /* Debug */ = {
			isa = XCBuildConfiguration;
			buildSettings = {
				ENABLE_TESTABILITY = YES;
				FRAMEWORK_SEARCH_PATHS = (
					"$(inherited)",
					"$(PLATFORM_DIR)/Developer/Library/Frameworks",
				);
				HEADER_SEARCH_PATHS = "$(inherited)";
				INFOPLIST_FILE = Frisbee.xcodeproj/Frisbee_Info.plist;
				LD_RUNPATH_SEARCH_PATHS = "$(TOOLCHAIN_DIR)/usr/lib/swift/macosx";
				OTHER_LDFLAGS = "$(inherited)";
				OTHER_SWIFT_FLAGS = "$(inherited)";
				PRODUCT_BUNDLE_IDENTIFIER = Frisbee;
				PRODUCT_MODULE_NAME = "$(TARGET_NAME:c99extidentifier)";
				PRODUCT_NAME = "$(TARGET_NAME:c99extidentifier)";
				SKIP_INSTALL = YES;
				SWIFT_VERSION = 4.0;
				TARGET_NAME = Frisbee;
			};
			name = Debug;
		};
		OBJ_34 /* Release */ = {
			isa = XCBuildConfiguration;
			buildSettings = {
				ENABLE_TESTABILITY = YES;
				FRAMEWORK_SEARCH_PATHS = (
					"$(inherited)",
					"$(PLATFORM_DIR)/Developer/Library/Frameworks",
				);
				HEADER_SEARCH_PATHS = "$(inherited)";
				INFOPLIST_FILE = Frisbee.xcodeproj/Frisbee_Info.plist;
				LD_RUNPATH_SEARCH_PATHS = "$(TOOLCHAIN_DIR)/usr/lib/swift/macosx";
				OTHER_LDFLAGS = "$(inherited)";
				OTHER_SWIFT_FLAGS = "$(inherited)";
				PRODUCT_BUNDLE_IDENTIFIER = Frisbee;
				PRODUCT_MODULE_NAME = "$(TARGET_NAME:c99extidentifier)";
				PRODUCT_NAME = "$(TARGET_NAME:c99extidentifier)";
				SKIP_INSTALL = YES;
				SWIFT_VERSION = 4.0;
				TARGET_NAME = Frisbee;
			};
			name = Release;
		};
		OBJ_4 /* Release */ = {
			isa = XCBuildConfiguration;
			buildSettings = {
				CLANG_ENABLE_OBJC_ARC = YES;
				COMBINE_HIDPI_IMAGES = YES;
				COPY_PHASE_STRIP = YES;
				DEBUG_INFORMATION_FORMAT = "dwarf-with-dsym";
				DYLIB_INSTALL_NAME_BASE = "@rpath";
				GCC_OPTIMIZATION_LEVEL = s;
				MACOSX_DEPLOYMENT_TARGET = 10.10;
				OTHER_SWIFT_FLAGS = "-DXcode";
				PRODUCT_NAME = "$(TARGET_NAME)";
				SDKROOT = macosx;
				SUPPORTED_PLATFORMS = "macosx iphoneos iphonesimulator appletvos appletvsimulator watchos watchsimulator";
				SWIFT_ACTIVE_COMPILATION_CONDITIONS = SWIFT_PACKAGE;
				SWIFT_OPTIMIZATION_LEVEL = "-Owholemodule";
				USE_HEADERMAP = NO;
			};
			name = Release;
		};
		OBJ_40 /* Debug */ = {
			isa = XCBuildConfiguration;
			buildSettings = {
			};
			name = Debug;
		};
		OBJ_41 /* Release */ = {
			isa = XCBuildConfiguration;
			buildSettings = {
			};
			name = Release;
		};
/* End XCBuildConfiguration section */

/* Begin XCConfigurationList section */
		OBJ_17 /* Build configuration list for PBXNativeTarget "FrisbeePackageDescription" */ = {
			isa = XCConfigurationList;
			buildConfigurations = (
				OBJ_18 /* Debug */,
				OBJ_19 /* Release */,
			);
			defaultConfigurationIsVisible = 0;
			defaultConfigurationName = Debug;
		};
		OBJ_2 /* Build configuration list for PBXProject "Frisbee" */ = {
			isa = XCConfigurationList;
			buildConfigurations = (
				OBJ_3 /* Debug */,
				OBJ_4 /* Release */,
			);
			defaultConfigurationIsVisible = 0;
			defaultConfigurationName = Debug;
		};
		OBJ_23 /* Build configuration list for PBXNativeTarget "FrisbeeTests" */ = {
			isa = XCConfigurationList;
			buildConfigurations = (
				OBJ_24 /* Debug */,
				OBJ_25 /* Release */,
			);
			defaultConfigurationIsVisible = 0;
			defaultConfigurationName = Debug;
		};
		OBJ_32 /* Build configuration list for PBXNativeTarget "Frisbee" */ = {
			isa = XCConfigurationList;
			buildConfigurations = (
				OBJ_33 /* Debug */,
				OBJ_34 /* Release */,
			);
			defaultConfigurationIsVisible = 0;
			defaultConfigurationName = Debug;
		};
		OBJ_39 /* Build configuration list for PBXAggregateTarget "FrisbeePackageTests" */ = {
			isa = XCConfigurationList;
			buildConfigurations = (
				OBJ_40 /* Debug */,
				OBJ_41 /* Release */,
			);
			defaultConfigurationIsVisible = 0;
			defaultConfigurationName = Debug;
		};
/* End XCConfigurationList section */
	};
	rootObject = OBJ_1 /* Project object */;
}
