// !$*UTF8*$!
{
	archiveVersion = 1;
	classes = {
	};
	objectVersion = 46;
	objects = {

/* Begin PBXAggregateTarget section */
		"Frisbee::FrisbeePackageTests::ProductTarget" /* FrisbeePackageTests */ = {
			isa = PBXAggregateTarget;
			buildConfigurationList = OBJ_39 /* Build configuration list for PBXAggregateTarget "FrisbeePackageTests" */;
			buildPhases = (
			);
			dependencies = (
				OBJ_42 /* PBXTargetDependency */,
			);
			name = FrisbeePackageTests;
			productName = FrisbeePackageTests;
		};
/* End PBXAggregateTarget section */

/* Begin PBXBuildFile section */
		3409C9E02009EFBA00353DC4 /* Postable.swift in Sources */ = {isa = PBXBuildFile; fileRef = 3409C9DE2009EFBA00353DC4 /* Postable.swift */; };
		3409C9E12009EFBA00353DC4 /* NetworkPost.swift in Sources */ = {isa = PBXBuildFile; fileRef = 3409C9DF2009EFBA00353DC4 /* NetworkPost.swift */; };
		3409C9E32009EFE000353DC4 /* NetworkPostTests.swift in Sources */ = {isa = PBXBuildFile; fileRef = 3409C9E22009EFE000353DC4 /* NetworkPostTests.swift */; };
		3409C9E52009F4E900353DC4 /* IntegrationNetworkPostTests.swift in Sources */ = {isa = PBXBuildFile; fileRef = 3409C9E42009F4E900353DC4 /* IntegrationNetworkPostTests.swift */; };
		3409C9E7200C385100353DC4 /* BodiableAdapter.swift in Sources */ = {isa = PBXBuildFile; fileRef = 3409C9E6200C385100353DC4 /* BodiableAdapter.swift */; };
		3409C9E9200C385900353DC4 /* BodyAdapter.swift in Sources */ = {isa = PBXBuildFile; fileRef = 3409C9E8200C385900353DC4 /* BodyAdapter.swift */; };
		3409C9EB200C388E00353DC4 /* BodyAdapterFactory.swift in Sources */ = {isa = PBXBuildFile; fileRef = 3409C9EA200C388E00353DC4 /* BodyAdapterFactory.swift */; };
		3409C9EE200CC66A00353DC4 /* BodyThrowErrorFakeAdapter.swift in Sources */ = {isa = PBXBuildFile; fileRef = 3409C9ED200CC66A00353DC4 /* BodyThrowErrorFakeAdapter.swift */; };
		3409C9F0200CC6AB00353DC4 /* DecoderThrowErrorFakeAdapter.swift in Sources */ = {isa = PBXBuildFile; fileRef = 3409C9EF200CC6AB00353DC4 /* DecoderThrowErrorFakeAdapter.swift */; };
		3409C9F2200CC72300353DC4 /* URLWithQueryTrhrowErrorFakeBuildable.swift in Sources */ = {isa = PBXBuildFile; fileRef = 3409C9F1200CC72300353DC4 /* URLWithQueryTrhrowErrorFakeBuildable.swift */; };
		3434A0B21FE7D9CC000659E5 /* URLRequestFactory.swift in Sources */ = {isa = PBXBuildFile; fileRef = 3434A0B01FE7D952000659E5 /* URLRequestFactory.swift */; };
		3434A0B41FE7D9FF000659E5 /* URLSessionFactory.swift in Sources */ = {isa = PBXBuildFile; fileRef = 3434A0B31FE7D9FF000659E5 /* URLSessionFactory.swift */; };
		3434A0B61FE7DA5A000659E5 /* HTTPMethod.swift in Sources */ = {isa = PBXBuildFile; fileRef = 3434A0B51FE7DA5A000659E5 /* HTTPMethod.swift */; };
		3434A0BA1FE7DC30000659E5 /* URLRequestFactoryTests.swift in Sources */ = {isa = PBXBuildFile; fileRef = 3434A0B81FE7DBC4000659E5 /* URLRequestFactoryTests.swift */; };
		3434A0BC1FE7DD74000659E5 /* URLSessionFactoryTests.swift in Sources */ = {isa = PBXBuildFile; fileRef = 3434A0BB1FE7DD74000659E5 /* URLSessionFactoryTests.swift */; };
		3434A0BF1FE7E025000659E5 /* IntegrationNetworkGetTests.swift in Sources */ = {isa = PBXBuildFile; fileRef = 3434A0BE1FE7E025000659E5 /* IntegrationNetworkGetTests.swift */; };
		343ECBA5200CC90500320259 /* Empty.swift in Sources */ = {isa = PBXBuildFile; fileRef = 343ECB9D200CC90100320259 /* Empty.swift */; };
		343ECBA6200CC90500320259 /* Fake.swift in Sources */ = {isa = PBXBuildFile; fileRef = 343ECB9A200CC90000320259 /* Fake.swift */; };
		343ECBA7200CC90500320259 /* Movie.swift in Sources */ = {isa = PBXBuildFile; fileRef = 343ECB99200CC90000320259 /* Movie.swift */; };
		343ECBA8200CC90500320259 /* MovieQuery.swift in Sources */ = {isa = PBXBuildFile; fileRef = 343ECB9C200CC90100320259 /* MovieQuery.swift */; };
		343ECBA9200CC90500320259 /* SomeEntity.swift in Sources */ = {isa = PBXBuildFile; fileRef = 343ECB9E200CC90100320259 /* SomeEntity.swift */; };
		343ECBAA200CC90500320259 /* SomeError.swift in Sources */ = {isa = PBXBuildFile; fileRef = 343ECB9B200CC90100320259 /* SomeError.swift */; };
		343ECBAC200CC93D00320259 /* LinuxMain.swift in Sources */ = {isa = PBXBuildFile; fileRef = 343ECBAB200CC93D00320259 /* LinuxMain.swift */; };
		344DD87B1FFEFBE40021350B /* URLQueryAdapter.swift in Sources */ = {isa = PBXBuildFile; fileRef = 344DD8791FFEFB120021350B /* URLQueryAdapter.swift */; };
		344DD87D1FFEFC910021350B /* URLQueryAdapterTests.swift in Sources */ = {isa = PBXBuildFile; fileRef = 344DD87C1FFEFC910021350B /* URLQueryAdapterTests.swift */; };
		344FC71A1FE5B93200958CE4 /* Getable.swift in Sources */ = {isa = PBXBuildFile; fileRef = 344FC7191FE5B93200958CE4 /* Getable.swift */; };
		344FC71C1FE5B9D500958CE4 /* FrisbeeError.swift in Sources */ = {isa = PBXBuildFile; fileRef = 344FC71B1FE5B9D500958CE4 /* FrisbeeError.swift */; };
		344FC71E1FE5BA0200958CE4 /* Result.swift in Sources */ = {isa = PBXBuildFile; fileRef = 344FC71D1FE5BA0200958CE4 /* Result.swift */; };
		344FC7201FE5BBFE00958CE4 /* NetworkGet.swift in Sources */ = {isa = PBXBuildFile; fileRef = 344FC71F1FE5BBFE00958CE4 /* NetworkGet.swift */; };
		344FC7261FE5D76B00958CE4 /* ResultGenerator.swift in Sources */ = {isa = PBXBuildFile; fileRef = 344FC7251FE5D76B00958CE4 /* ResultGenerator.swift */; };
		344FC7291FE5D7FC00958CE4 /* ResultGeneratorTests.swift in Sources */ = {isa = PBXBuildFile; fileRef = 344FC7271FE5D7F900958CE4 /* ResultGeneratorTests.swift */; };
		3473C852200CD3810014C66E /* OnComplete.swift in Sources */ = {isa = PBXBuildFile; fileRef = 3473C851200CD3810014C66E /* OnComplete.swift */; };
		3473C854200CD7570014C66E /* DataTaskRunner.swift in Sources */ = {isa = PBXBuildFile; fileRef = 3473C853200CD7570014C66E /* DataTaskRunner.swift */; };
		3481FE9A200D575000D0AD6D /* BodyAdapterTests.swift in Sources */ = {isa = PBXBuildFile; fileRef = 3481FE99200D575000D0AD6D /* BodyAdapterTests.swift */; };
		3481FE9E200D59ED00D0AD6D /* JSONEncoderAdapter.swift in Sources */ = {isa = PBXBuildFile; fileRef = 3481FE9D200D59ED00D0AD6D /* JSONEncoderAdapter.swift */; };
		3481FEA0200D5A0100D0AD6D /* EncodableAdapter.swift in Sources */ = {isa = PBXBuildFile; fileRef = 3481FE9F200D5A0100D0AD6D /* EncodableAdapter.swift */; };
		3481FEA4200D5A6D00D0AD6D /* EncodableAdapterFactory.swift in Sources */ = {isa = PBXBuildFile; fileRef = 3481FEA3200D5A6D00D0AD6D /* EncodableAdapterFactory.swift */; };
		3481FEA6200D892F00D0AD6D /* SerializableAdapter.swift in Sources */ = {isa = PBXBuildFile; fileRef = 3481FEA5200D892F00D0AD6D /* SerializableAdapter.swift */; };
		3481FEA8200D894400D0AD6D /* JSONSerializerAdapter.swift in Sources */ = {isa = PBXBuildFile; fileRef = 3481FEA7200D894400D0AD6D /* JSONSerializerAdapter.swift */; };
		3481FEAA200D895300D0AD6D /* JSONSerializableAdapterFactroy.swift in Sources */ = {isa = PBXBuildFile; fileRef = 3481FEA9200D895300D0AD6D /* JSONSerializableAdapterFactroy.swift */; };
		3481FEAC200D8C8200D0AD6D /* EncoderThrowErrorFakeAdapter.swift in Sources */ = {isa = PBXBuildFile; fileRef = 3481FEAB200D8C8200D0AD6D /* EncoderThrowErrorFakeAdapter.swift */; };
		3481FEAE200D8C9700D0AD6D /* SerializerThrowErrorFakeAdapter.swift in Sources */ = {isa = PBXBuildFile; fileRef = 3481FEAD200D8C9700D0AD6D /* SerializerThrowErrorFakeAdapter.swift */; };
		34C52E832009844400DCD88C /* URLQueriableAdapterFactory.swift in Sources */ = {isa = PBXBuildFile; fileRef = 34C52E802009841200DCD88C /* URLQueriableAdapterFactory.swift */; };
		34C52E852009895D00DCD88C /* DecodableAdapter.swift in Sources */ = {isa = PBXBuildFile; fileRef = 34C52E842009895D00DCD88C /* DecodableAdapter.swift */; };
		34C52E8720098A0F00DCD88C /* ResultGeneratorFactory.swift in Sources */ = {isa = PBXBuildFile; fileRef = 34C52E8620098A0F00DCD88C /* ResultGeneratorFactory.swift */; };
		34C52E8920098A3100DCD88C /* DecodableAdapterFacotry.swift in Sources */ = {isa = PBXBuildFile; fileRef = 34C52E8820098A3100DCD88C /* DecodableAdapterFacotry.swift */; };
		34C52E8B20098D4100DCD88C /* DecoderAdapter.swift in Sources */ = {isa = PBXBuildFile; fileRef = 34C52E8A20098D4100DCD88C /* DecoderAdapter.swift */; };
		34C52E8D20098D8D00DCD88C /* URLQueriableAdapter.swift in Sources */ = {isa = PBXBuildFile; fileRef = 34C52E8C20098D8D00DCD88C /* URLQueriableAdapter.swift */; };
		34F91DA6200821B900FFAE20 /* XCTestCase+AssertContains.swift in Sources */ = {isa = PBXBuildFile; fileRef = 34F91DA4200821A500FFAE20 /* XCTestCase+AssertContains.swift */; };
		34F91DA9200822F500FFAE20 /* FrisbeeError+All.swift in Sources */ = {isa = PBXBuildFile; fileRef = 34F91DA7200822E000FFAE20 /* FrisbeeError+All.swift */; };
		34F9C72A1FE89EF5002C1EB0 /* QueryItemAdapterTests.swift in Sources */ = {isa = PBXBuildFile; fileRef = 34F9C7291FE89EF5002C1EB0 /* QueryItemAdapterTests.swift */; };
		34F9C72C1FE89F44002C1EB0 /* QueryItemAdapter.swift in Sources */ = {isa = PBXBuildFile; fileRef = 34F9C72B1FE89F44002C1EB0 /* QueryItemAdapter.swift */; };
		578D2CA3200199A500EE3865 /* FrisbeeErrorTests.swift in Sources */ = {isa = PBXBuildFile; fileRef = 578D2CA2200199A500EE3865 /* FrisbeeErrorTests.swift */; };
		578D2CA520019B1400EE3865 /* ResultTests.swift in Sources */ = {isa = PBXBuildFile; fileRef = 578D2CA420019B1400EE3865 /* ResultTests.swift */; };
		578D2CA720019C3D00EE3865 /* SequenceExtensions.swift in Sources */ = {isa = PBXBuildFile; fileRef = 578D2CA620019C3D00EE3865 /* SequenceExtensions.swift */; };
		579F534E200151DF00E9996A /* MockURLSession.swift in Sources */ = {isa = PBXBuildFile; fileRef = 579F534C200151D700E9996A /* MockURLSession.swift */; };
		OBJ_21 /* Package.swift in Sources */ = {isa = PBXBuildFile; fileRef = OBJ_6 /* Package.swift */; };
		OBJ_27 /* NetworkGetTests.swift in Sources */ = {isa = PBXBuildFile; fileRef = OBJ_12 /* NetworkGetTests.swift */; };
		OBJ_29 /* Frisbee.framework in Frameworks */ = {isa = PBXBuildFile; fileRef = "Frisbee::Frisbee::Product" /* Frisbee.framework */; };
/* End PBXBuildFile section */

/* Begin PBXContainerItemProxy section */
		344FC7171FE5B41500958CE4 /* PBXContainerItemProxy */ = {
			isa = PBXContainerItemProxy;
			containerPortal = OBJ_1 /* Project object */;
			proxyType = 1;
			remoteGlobalIDString = "Frisbee::Frisbee";
			remoteInfo = Frisbee;
		};
		344FC7181FE5B41600958CE4 /* PBXContainerItemProxy */ = {
			isa = PBXContainerItemProxy;
			containerPortal = OBJ_1 /* Project object */;
			proxyType = 1;
			remoteGlobalIDString = "Frisbee::FrisbeeTests";
			remoteInfo = FrisbeeTests;
		};
/* End PBXContainerItemProxy section */

/* Begin PBXFileReference section */
		3409C9DE2009EFBA00353DC4 /* Postable.swift */ = {isa = PBXFileReference; fileEncoding = 4; lastKnownFileType = sourcecode.swift; path = Postable.swift; sourceTree = "<group>"; };
		3409C9DF2009EFBA00353DC4 /* NetworkPost.swift */ = {isa = PBXFileReference; fileEncoding = 4; lastKnownFileType = sourcecode.swift; path = NetworkPost.swift; sourceTree = "<group>"; };
		3409C9E22009EFE000353DC4 /* NetworkPostTests.swift */ = {isa = PBXFileReference; lastKnownFileType = sourcecode.swift; path = NetworkPostTests.swift; sourceTree = "<group>"; };
		3409C9E42009F4E900353DC4 /* IntegrationNetworkPostTests.swift */ = {isa = PBXFileReference; lastKnownFileType = sourcecode.swift; path = IntegrationNetworkPostTests.swift; sourceTree = "<group>"; };
		3409C9E6200C385100353DC4 /* BodiableAdapter.swift */ = {isa = PBXFileReference; lastKnownFileType = sourcecode.swift; path = BodiableAdapter.swift; sourceTree = "<group>"; };
		3409C9E8200C385900353DC4 /* BodyAdapter.swift */ = {isa = PBXFileReference; lastKnownFileType = sourcecode.swift; path = BodyAdapter.swift; sourceTree = "<group>"; };
		3409C9EA200C388E00353DC4 /* BodyAdapterFactory.swift */ = {isa = PBXFileReference; lastKnownFileType = sourcecode.swift; path = BodyAdapterFactory.swift; sourceTree = "<group>"; };
		3409C9ED200CC66A00353DC4 /* BodyThrowErrorFakeAdapter.swift */ = {isa = PBXFileReference; lastKnownFileType = sourcecode.swift; path = BodyThrowErrorFakeAdapter.swift; sourceTree = "<group>"; };
		3409C9EF200CC6AB00353DC4 /* DecoderThrowErrorFakeAdapter.swift */ = {isa = PBXFileReference; lastKnownFileType = sourcecode.swift; path = DecoderThrowErrorFakeAdapter.swift; sourceTree = "<group>"; };
		3409C9F1200CC72300353DC4 /* URLWithQueryTrhrowErrorFakeBuildable.swift */ = {isa = PBXFileReference; lastKnownFileType = sourcecode.swift; path = URLWithQueryTrhrowErrorFakeBuildable.swift; sourceTree = "<group>"; };
		3434A0B01FE7D952000659E5 /* URLRequestFactory.swift */ = {isa = PBXFileReference; lastKnownFileType = sourcecode.swift; path = URLRequestFactory.swift; sourceTree = "<group>"; };
		3434A0B31FE7D9FF000659E5 /* URLSessionFactory.swift */ = {isa = PBXFileReference; lastKnownFileType = sourcecode.swift; path = URLSessionFactory.swift; sourceTree = "<group>"; };
		3434A0B51FE7DA5A000659E5 /* HTTPMethod.swift */ = {isa = PBXFileReference; lastKnownFileType = sourcecode.swift; path = HTTPMethod.swift; sourceTree = "<group>"; };
		3434A0B81FE7DBC4000659E5 /* URLRequestFactoryTests.swift */ = {isa = PBXFileReference; lastKnownFileType = sourcecode.swift; path = URLRequestFactoryTests.swift; sourceTree = "<group>"; };
		3434A0BB1FE7DD74000659E5 /* URLSessionFactoryTests.swift */ = {isa = PBXFileReference; lastKnownFileType = sourcecode.swift; path = URLSessionFactoryTests.swift; sourceTree = "<group>"; };
		3434A0BE1FE7E025000659E5 /* IntegrationNetworkGetTests.swift */ = {isa = PBXFileReference; lastKnownFileType = sourcecode.swift; path = IntegrationNetworkGetTests.swift; sourceTree = "<group>"; };
		343ECB99200CC90000320259 /* Movie.swift */ = {isa = PBXFileReference; fileEncoding = 4; lastKnownFileType = sourcecode.swift; name = Movie.swift; path = Tests/Support/Entities/Movie.swift; sourceTree = SOURCE_ROOT; };
		343ECB9A200CC90000320259 /* Fake.swift */ = {isa = PBXFileReference; fileEncoding = 4; lastKnownFileType = sourcecode.swift; name = Fake.swift; path = Tests/Support/Entities/Fake.swift; sourceTree = SOURCE_ROOT; };
		343ECB9B200CC90100320259 /* SomeError.swift */ = {isa = PBXFileReference; fileEncoding = 4; lastKnownFileType = sourcecode.swift; name = SomeError.swift; path = Tests/Support/Entities/SomeError.swift; sourceTree = SOURCE_ROOT; };
		343ECB9C200CC90100320259 /* MovieQuery.swift */ = {isa = PBXFileReference; fileEncoding = 4; lastKnownFileType = sourcecode.swift; name = MovieQuery.swift; path = Tests/Support/Entities/MovieQuery.swift; sourceTree = SOURCE_ROOT; };
		343ECB9D200CC90100320259 /* Empty.swift */ = {isa = PBXFileReference; fileEncoding = 4; lastKnownFileType = sourcecode.swift; name = Empty.swift; path = Tests/Support/Entities/Empty.swift; sourceTree = SOURCE_ROOT; };
		343ECB9E200CC90100320259 /* SomeEntity.swift */ = {isa = PBXFileReference; fileEncoding = 4; lastKnownFileType = sourcecode.swift; name = SomeEntity.swift; path = Tests/Support/Entities/SomeEntity.swift; sourceTree = SOURCE_ROOT; };
		343ECBAB200CC93D00320259 /* LinuxMain.swift */ = {isa = PBXFileReference; fileEncoding = 4; lastKnownFileType = sourcecode.swift; name = LinuxMain.swift; path = Tests/LinuxMain.swift; sourceTree = SOURCE_ROOT; };
		344DD8791FFEFB120021350B /* URLQueryAdapter.swift */ = {isa = PBXFileReference; lastKnownFileType = sourcecode.swift; path = URLQueryAdapter.swift; sourceTree = "<group>"; };
		344DD87C1FFEFC910021350B /* URLQueryAdapterTests.swift */ = {isa = PBXFileReference; lastKnownFileType = sourcecode.swift; path = URLQueryAdapterTests.swift; sourceTree = "<group>"; };
		344FC7191FE5B93200958CE4 /* Getable.swift */ = {isa = PBXFileReference; lastKnownFileType = sourcecode.swift; path = Getable.swift; sourceTree = "<group>"; };
		344FC71B1FE5B9D500958CE4 /* FrisbeeError.swift */ = {isa = PBXFileReference; lastKnownFileType = sourcecode.swift; path = FrisbeeError.swift; sourceTree = "<group>"; };
		344FC71D1FE5BA0200958CE4 /* Result.swift */ = {isa = PBXFileReference; lastKnownFileType = sourcecode.swift; path = Result.swift; sourceTree = "<group>"; };
		344FC71F1FE5BBFE00958CE4 /* NetworkGet.swift */ = {isa = PBXFileReference; lastKnownFileType = sourcecode.swift; path = NetworkGet.swift; sourceTree = "<group>"; };
		344FC7251FE5D76B00958CE4 /* ResultGenerator.swift */ = {isa = PBXFileReference; lastKnownFileType = sourcecode.swift; path = ResultGenerator.swift; sourceTree = "<group>"; };
		344FC7271FE5D7F900958CE4 /* ResultGeneratorTests.swift */ = {isa = PBXFileReference; lastKnownFileType = sourcecode.swift; path = ResultGeneratorTests.swift; sourceTree = "<group>"; };
		3473C851200CD3810014C66E /* OnComplete.swift */ = {isa = PBXFileReference; lastKnownFileType = sourcecode.swift; path = OnComplete.swift; sourceTree = "<group>"; };
		3473C853200CD7570014C66E /* DataTaskRunner.swift */ = {isa = PBXFileReference; lastKnownFileType = sourcecode.swift; path = DataTaskRunner.swift; sourceTree = "<group>"; };
		3481FE99200D575000D0AD6D /* BodyAdapterTests.swift */ = {isa = PBXFileReference; lastKnownFileType = sourcecode.swift; path = BodyAdapterTests.swift; sourceTree = "<group>"; };
		3481FE9D200D59ED00D0AD6D /* JSONEncoderAdapter.swift */ = {isa = PBXFileReference; lastKnownFileType = sourcecode.swift; path = JSONEncoderAdapter.swift; sourceTree = "<group>"; };
		3481FE9F200D5A0100D0AD6D /* EncodableAdapter.swift */ = {isa = PBXFileReference; lastKnownFileType = sourcecode.swift; path = EncodableAdapter.swift; sourceTree = "<group>"; };
		3481FEA3200D5A6D00D0AD6D /* EncodableAdapterFactory.swift */ = {isa = PBXFileReference; lastKnownFileType = sourcecode.swift; path = EncodableAdapterFactory.swift; sourceTree = "<group>"; };
		3481FEA5200D892F00D0AD6D /* SerializableAdapter.swift */ = {isa = PBXFileReference; lastKnownFileType = sourcecode.swift; path = SerializableAdapter.swift; sourceTree = "<group>"; };
		3481FEA7200D894400D0AD6D /* JSONSerializerAdapter.swift */ = {isa = PBXFileReference; lastKnownFileType = sourcecode.swift; path = JSONSerializerAdapter.swift; sourceTree = "<group>"; };
		3481FEA9200D895300D0AD6D /* JSONSerializableAdapterFactroy.swift */ = {isa = PBXFileReference; lastKnownFileType = sourcecode.swift; path = JSONSerializableAdapterFactroy.swift; sourceTree = "<group>"; };
		3481FEAB200D8C8200D0AD6D /* EncoderThrowErrorFakeAdapter.swift */ = {isa = PBXFileReference; lastKnownFileType = sourcecode.swift; path = EncoderThrowErrorFakeAdapter.swift; sourceTree = "<group>"; };
		3481FEAD200D8C9700D0AD6D /* SerializerThrowErrorFakeAdapter.swift */ = {isa = PBXFileReference; lastKnownFileType = sourcecode.swift; path = SerializerThrowErrorFakeAdapter.swift; sourceTree = "<group>"; };
		34C52E802009841200DCD88C /* URLQueriableAdapterFactory.swift */ = {isa = PBXFileReference; lastKnownFileType = sourcecode.swift; path = URLQueriableAdapterFactory.swift; sourceTree = "<group>"; };
		34C52E842009895D00DCD88C /* DecodableAdapter.swift */ = {isa = PBXFileReference; lastKnownFileType = sourcecode.swift; path = DecodableAdapter.swift; sourceTree = "<group>"; };
		34C52E8620098A0F00DCD88C /* ResultGeneratorFactory.swift */ = {isa = PBXFileReference; lastKnownFileType = sourcecode.swift; path = ResultGeneratorFactory.swift; sourceTree = "<group>"; };
		34C52E8820098A3100DCD88C /* DecodableAdapterFacotry.swift */ = {isa = PBXFileReference; lastKnownFileType = sourcecode.swift; path = DecodableAdapterFacotry.swift; sourceTree = "<group>"; };
		34C52E8A20098D4100DCD88C /* DecoderAdapter.swift */ = {isa = PBXFileReference; lastKnownFileType = sourcecode.swift; path = DecoderAdapter.swift; sourceTree = "<group>"; };
		34C52E8C20098D8D00DCD88C /* URLQueriableAdapter.swift */ = {isa = PBXFileReference; lastKnownFileType = sourcecode.swift; path = URLQueriableAdapter.swift; sourceTree = "<group>"; };
		34F91DA4200821A500FFAE20 /* XCTestCase+AssertContains.swift */ = {isa = PBXFileReference; lastKnownFileType = sourcecode.swift; path = "XCTestCase+AssertContains.swift"; sourceTree = "<group>"; };
		34F91DA7200822E000FFAE20 /* FrisbeeError+All.swift */ = {isa = PBXFileReference; lastKnownFileType = sourcecode.swift; path = "FrisbeeError+All.swift"; sourceTree = "<group>"; };
		34F9C7291FE89EF5002C1EB0 /* QueryItemAdapterTests.swift */ = {isa = PBXFileReference; fileEncoding = 4; lastKnownFileType = sourcecode.swift; path = QueryItemAdapterTests.swift; sourceTree = "<group>"; };
		34F9C72B1FE89F44002C1EB0 /* QueryItemAdapter.swift */ = {isa = PBXFileReference; fileEncoding = 4; lastKnownFileType = sourcecode.swift; path = QueryItemAdapter.swift; sourceTree = "<group>"; };
		578D2CA2200199A500EE3865 /* FrisbeeErrorTests.swift */ = {isa = PBXFileReference; lastKnownFileType = sourcecode.swift; path = FrisbeeErrorTests.swift; sourceTree = "<group>"; };
		578D2CA420019B1400EE3865 /* ResultTests.swift */ = {isa = PBXFileReference; lastKnownFileType = sourcecode.swift; path = ResultTests.swift; sourceTree = "<group>"; };
		578D2CA620019C3D00EE3865 /* SequenceExtensions.swift */ = {isa = PBXFileReference; lastKnownFileType = sourcecode.swift; path = SequenceExtensions.swift; sourceTree = "<group>"; };
		579F534C200151D700E9996A /* MockURLSession.swift */ = {isa = PBXFileReference; lastKnownFileType = sourcecode.swift; path = MockURLSession.swift; sourceTree = "<group>"; };
		"Frisbee::Frisbee::Product" /* Frisbee.framework */ = {isa = PBXFileReference; explicitFileType = wrapper.framework; path = Frisbee.framework; sourceTree = BUILT_PRODUCTS_DIR; };
		"Frisbee::FrisbeeTests::Product" /* FrisbeeTests.xctest */ = {isa = PBXFileReference; lastKnownFileType = file; path = FrisbeeTests.xctest; sourceTree = BUILT_PRODUCTS_DIR; };
		OBJ_12 /* NetworkGetTests.swift */ = {isa = PBXFileReference; lastKnownFileType = sourcecode.swift; path = NetworkGetTests.swift; sourceTree = "<group>"; };
		OBJ_6 /* Package.swift */ = {isa = PBXFileReference; explicitFileType = sourcecode.swift; path = Package.swift; sourceTree = "<group>"; };
/* End PBXFileReference section */

/* Begin PBXFrameworksBuildPhase section */
		OBJ_28 /* Frameworks */ = {
			isa = PBXFrameworksBuildPhase;
			buildActionMask = 0;
			files = (
				OBJ_29 /* Frisbee.framework in Frameworks */,
			);
			runOnlyForDeploymentPostprocessing = 0;
		};
		OBJ_37 /* Frameworks */ = {
			isa = PBXFrameworksBuildPhase;
			buildActionMask = 0;
			files = (
			);
			runOnlyForDeploymentPostprocessing = 0;
		};
/* End PBXFrameworksBuildPhase section */

/* Begin PBXGroup section */
		3409C9EC200CC60300353DC4 /* Doubles */ = {
			isa = PBXGroup;
			children = (
				579F534C200151D700E9996A /* MockURLSession.swift */,
				3409C9ED200CC66A00353DC4 /* BodyThrowErrorFakeAdapter.swift */,
				3409C9EF200CC6AB00353DC4 /* DecoderThrowErrorFakeAdapter.swift */,
				3409C9F1200CC72300353DC4 /* URLWithQueryTrhrowErrorFakeBuildable.swift */,
				3481FEAB200D8C8200D0AD6D /* EncoderThrowErrorFakeAdapter.swift */,
				3481FEAD200D8C9700D0AD6D /* SerializerThrowErrorFakeAdapter.swift */,
			);
			name = Doubles;
			path = Tests/FrisbeeTests/Support/Doubles;
			sourceTree = SOURCE_ROOT;
		};
		3409C9F5200CC7CD00353DC4 /* Entities */ = {
			isa = PBXGroup;
			children = (
				343ECB9D200CC90100320259 /* Empty.swift */,
				343ECB9A200CC90000320259 /* Fake.swift */,
				343ECB99200CC90000320259 /* Movie.swift */,
				343ECB9C200CC90100320259 /* MovieQuery.swift */,
				343ECB9E200CC90100320259 /* SomeEntity.swift */,
				343ECB9B200CC90100320259 /* SomeError.swift */,
			);
			name = Entities;
			path = Tests/FrisbeeTests/Support/Entities;
			sourceTree = SOURCE_ROOT;
		};
		3434A0AF1FE7D912000659E5 /* Factories */ = {
			isa = PBXGroup;
			children = (
				3481FEB1200D98D400D0AD6D /* Adapters */,
				34C52E8620098A0F00DCD88C /* ResultGeneratorFactory.swift */,
				3434A0B01FE7D952000659E5 /* URLRequestFactory.swift */,
				3434A0B31FE7D9FF000659E5 /* URLSessionFactory.swift */,
			);
			name = Factories;
			path = Sources/Frisbee/Factories;
			sourceTree = SOURCE_ROOT;
		};
		3434A0B71FE7DBA8000659E5 /* Factories */ = {
			isa = PBXGroup;
			children = (
				3434A0B81FE7DBC4000659E5 /* URLRequestFactoryTests.swift */,
				3434A0BB1FE7DD74000659E5 /* URLSessionFactoryTests.swift */,
			);
			name = Factories;
			path = Tests/FrisbeeTests/Factories;
			sourceTree = SOURCE_ROOT;
		};
		344FC7211FE5BDAE00958CE4 /* Extensions */ = {
			isa = PBXGroup;
			children = (
				578D2CA620019C3D00EE3865 /* SequenceExtensions.swift */,
				34F91DA4200821A500FFAE20 /* XCTestCase+AssertContains.swift */,
				34F91DA7200822E000FFAE20 /* FrisbeeError+All.swift */,
			);
			name = Extensions;
			path = Tests/FrisbeeTests/Support/Extensions;
			sourceTree = SOURCE_ROOT;
		};
		344FC7301FE5DB7700958CE4 /* Requestables */ = {
			isa = PBXGroup;
			children = (
				344FC7191FE5B93200958CE4 /* Getable.swift */,
				344FC71F1FE5BBFE00958CE4 /* NetworkGet.swift */,
				3409C9DE2009EFBA00353DC4 /* Postable.swift */,
				3409C9DF2009EFBA00353DC4 /* NetworkPost.swift */,
				3473C851200CD3810014C66E /* OnComplete.swift */,
			);
			name = Requestables;
			path = Sources/Frisbee/Requestables;
			sourceTree = SOURCE_ROOT;
		};
		344FC7311FE5DBAB00958CE4 /* Entities */ = {
			isa = PBXGroup;
			children = (
				344FC71B1FE5B9D500958CE4 /* FrisbeeError.swift */,
				3434A0B51FE7DA5A000659E5 /* HTTPMethod.swift */,
				344FC71D1FE5BA0200958CE4 /* Result.swift */,
			);
			name = Entities;
			path = Sources/Frisbee/Entities;
			sourceTree = SOURCE_ROOT;
		};
		344FC7321FE5DFD400958CE4 /* Requestables */ = {
			isa = PBXGroup;
			children = (
				3434A0BE1FE7E025000659E5 /* IntegrationNetworkGetTests.swift */,
				3409C9E42009F4E900353DC4 /* IntegrationNetworkPostTests.swift */,
				OBJ_12 /* NetworkGetTests.swift */,
				3409C9E22009EFE000353DC4 /* NetworkPostTests.swift */,
			);
			name = Requestables;
			path = Tests/FrisbeeTests/Requestables;
			sourceTree = SOURCE_ROOT;
		};
		344FC7331FE5DFFD00958CE4 /* Interactors */ = {
			isa = PBXGroup;
			children = (
				344FC7251FE5D76B00958CE4 /* ResultGenerator.swift */,
				3473C853200CD7570014C66E /* DataTaskRunner.swift */,
			);
			name = Interactors;
			path = Sources/Frisbee/Interactors;
			sourceTree = SOURCE_ROOT;
		};
		3481FEAF200D915F00D0AD6D /* Adapters */ = {
			isa = PBXGroup;
			children = (
				3409C9E6200C385100353DC4 /* BodiableAdapter.swift */,
				3409C9E8200C385900353DC4 /* BodyAdapter.swift */,
				34C52E842009895D00DCD88C /* DecodableAdapter.swift */,
				34C52E8A20098D4100DCD88C /* DecoderAdapter.swift */,
				3481FE9F200D5A0100D0AD6D /* EncodableAdapter.swift */,
				3481FE9D200D59ED00D0AD6D /* JSONEncoderAdapter.swift */,
				3481FEA7200D894400D0AD6D /* JSONSerializerAdapter.swift */,
				34F9C72B1FE89F44002C1EB0 /* QueryItemAdapter.swift */,
				3481FEA5200D892F00D0AD6D /* SerializableAdapter.swift */,
				34C52E8C20098D8D00DCD88C /* URLQueriableAdapter.swift */,
				344DD8791FFEFB120021350B /* URLQueryAdapter.swift */,
			);
			name = Adapters;
			path = Sources/Frisbee/Adapters;
			sourceTree = SOURCE_ROOT;
		};
		3481FEB0200D947300D0AD6D /* Adapters */ = {
			isa = PBXGroup;
			children = (
				344DD87C1FFEFC910021350B /* URLQueryAdapterTests.swift */,
				3481FE99200D575000D0AD6D /* BodyAdapterTests.swift */,
				34F9C7291FE89EF5002C1EB0 /* QueryItemAdapterTests.swift */,
			);
			name = Adapters;
			path = Tests/FrisbeeTests/Adapters;
			sourceTree = SOURCE_ROOT;
		};
		3481FEB1200D98D400D0AD6D /* Adapters */ = {
			isa = PBXGroup;
			children = (
				34C52E802009841200DCD88C /* URLQueriableAdapterFactory.swift */,
				3409C9EA200C388E00353DC4 /* BodyAdapterFactory.swift */,
				34C52E8820098A3100DCD88C /* DecodableAdapterFacotry.swift */,
				3481FEA3200D5A6D00D0AD6D /* EncodableAdapterFactory.swift */,
				3481FEA9200D895300D0AD6D /* JSONSerializableAdapterFactroy.swift */,
			);
			name = Adapters;
			path = Sources/Frisbee/Factories/Adapters;
			sourceTree = SOURCE_ROOT;
		};
		34F9C7241FE895F6002C1EB0 /* Interactors */ = {
			isa = PBXGroup;
			children = (
				344FC7271FE5D7F900958CE4 /* ResultGeneratorTests.swift */,
			);
			name = Interactors;
			path = Tests/FrisbeeTests/Interactors;
			sourceTree = SOURCE_ROOT;
		};
		578D2CA12001998500EE3865 /* Entities */ = {
			isa = PBXGroup;
			children = (
				578D2CA2200199A500EE3865 /* FrisbeeErrorTests.swift */,
				578D2CA420019B1400EE3865 /* ResultTests.swift */,
			);
			name = Entities;
			path = Tests/FrisbeeTests/Entities;
			sourceTree = SOURCE_ROOT;
		};
		579F5348200151A300E9996A /* Support */ = {
			isa = PBXGroup;
			children = (
				343ECBAB200CC93D00320259 /* LinuxMain.swift */,
				344FC7211FE5BDAE00958CE4 /* Extensions */,
				3409C9EC200CC60300353DC4 /* Doubles */,
				3409C9F5200CC7CD00353DC4 /* Entities */,
			);
			path = Support;
			sourceTree = "<group>";
		};
		OBJ_10 /* Tests */ = {
			isa = PBXGroup;
			children = (
				OBJ_11 /* FrisbeeTests */,
			);
			name = Tests;
			sourceTree = SOURCE_ROOT;
		};
		OBJ_11 /* FrisbeeTests */ = {
			isa = PBXGroup;
			children = (
				579F5348200151A300E9996A /* Support */,
				3481FEB0200D947300D0AD6D /* Adapters */,
				578D2CA12001998500EE3865 /* Entities */,
				3434A0B71FE7DBA8000659E5 /* Factories */,
				34F9C7241FE895F6002C1EB0 /* Interactors */,
				344FC7321FE5DFD400958CE4 /* Requestables */,
			);
			name = FrisbeeTests;
			path = Tests/FrisbeeTests;
			sourceTree = SOURCE_ROOT;
		};
		OBJ_13 /* Products */ = {
			isa = PBXGroup;
			children = (
				"Frisbee::FrisbeeTests::Product" /* FrisbeeTests.xctest */,
				"Frisbee::Frisbee::Product" /* Frisbee.framework */,
			);
			name = Products;
			sourceTree = BUILT_PRODUCTS_DIR;
		};
		OBJ_5 = {
			isa = PBXGroup;
			children = (
				OBJ_6 /* Package.swift */,
				OBJ_13 /* Products */,
				OBJ_7 /* Sources */,
				OBJ_10 /* Tests */,
			);
			sourceTree = "<group>";
		};
		OBJ_7 /* Sources */ = {
			isa = PBXGroup;
			children = (
				OBJ_8 /* Frisbee */,
			);
			name = Sources;
			sourceTree = SOURCE_ROOT;
		};
		OBJ_8 /* Frisbee */ = {
			isa = PBXGroup;
			children = (
				3481FEAF200D915F00D0AD6D /* Adapters */,
				344FC7311FE5DBAB00958CE4 /* Entities */,
				3434A0AF1FE7D912000659E5 /* Factories */,
				344FC7331FE5DFFD00958CE4 /* Interactors */,
				344FC7301FE5DB7700958CE4 /* Requestables */,
			);
			name = Frisbee;
			path = Sources/Frisbee;
			sourceTree = SOURCE_ROOT;
		};
/* End PBXGroup section */

/* Begin PBXNativeTarget section */
		"Frisbee::Frisbee" /* Frisbee */ = {
			isa = PBXNativeTarget;
			buildConfigurationList = OBJ_32 /* Build configuration list for PBXNativeTarget "Frisbee" */;
			buildPhases = (
				OBJ_35 /* Sources */,
				OBJ_37 /* Frameworks */,
				344BCCE41FE606D600E0A2B7 /* Swiftlint */,
			);
			buildRules = (
			);
			dependencies = (
			);
			name = Frisbee;
			productName = Frisbee;
			productReference = "Frisbee::Frisbee::Product" /* Frisbee.framework */;
			productType = "com.apple.product-type.framework";
		};
		"Frisbee::FrisbeeTests" /* FrisbeeTests */ = {
			isa = PBXNativeTarget;
			buildConfigurationList = OBJ_23 /* Build configuration list for PBXNativeTarget "FrisbeeTests" */;
			buildPhases = (
				OBJ_26 /* Sources */,
				OBJ_28 /* Frameworks */,
			);
			buildRules = (
			);
			dependencies = (
				OBJ_30 /* PBXTargetDependency */,
			);
			name = FrisbeeTests;
			productName = FrisbeeTests;
			productReference = "Frisbee::FrisbeeTests::Product" /* FrisbeeTests.xctest */;
			productType = "com.apple.product-type.bundle.unit-test";
		};
		"Frisbee::SwiftPMPackageDescription" /* FrisbeePackageDescription */ = {
			isa = PBXNativeTarget;
			buildConfigurationList = OBJ_17 /* Build configuration list for PBXNativeTarget "FrisbeePackageDescription" */;
			buildPhases = (
				OBJ_20 /* Sources */,
				344BCCE31FE606B400E0A2B7 /* Swiftlint */,
			);
			buildRules = (
			);
			dependencies = (
			);
			name = FrisbeePackageDescription;
			productName = FrisbeePackageDescription;
			productType = "com.apple.product-type.framework";
		};
/* End PBXNativeTarget section */

/* Begin PBXProject section */
		OBJ_1 /* Project object */ = {
			isa = PBXProject;
			attributes = {
				LastUpgradeCheck = 9999;
			};
			buildConfigurationList = OBJ_2 /* Build configuration list for PBXProject "Frisbee" */;
			compatibilityVersion = "Xcode 3.2";
			developmentRegion = English;
			hasScannedForEncodings = 0;
			knownRegions = (
				en,
			);
			mainGroup = OBJ_5;
			productRefGroup = OBJ_13 /* Products */;
			projectDirPath = "";
			projectRoot = "";
			targets = (
				"Frisbee::SwiftPMPackageDescription" /* FrisbeePackageDescription */,
				"Frisbee::FrisbeeTests" /* FrisbeeTests */,
				"Frisbee::Frisbee" /* Frisbee */,
				"Frisbee::FrisbeePackageTests::ProductTarget" /* FrisbeePackageTests */,
			);
		};
/* End PBXProject section */

/* Begin PBXShellScriptBuildPhase section */
		344BCCE31FE606B400E0A2B7 /* Swiftlint */ = {
			isa = PBXShellScriptBuildPhase;
			buildActionMask = 2147483647;
			files = (
			);
			inputPaths = (
			);
			name = Swiftlint;
			outputPaths = (
			);
			runOnlyForDeploymentPostprocessing = 0;
			shellPath = /bin/sh;
			shellScript = "if which swiftlint >/dev/null; then\n    swiftlint\nelse\n    echo \"warning: SwiftLint not installed, download from https://github.com/realm/SwiftLint\"\nfi";
		};
		344BCCE41FE606D600E0A2B7 /* Swiftlint */ = {
			isa = PBXShellScriptBuildPhase;
			buildActionMask = 2147483647;
			files = (
			);
			inputPaths = (
			);
			name = Swiftlint;
			outputPaths = (
			);
			runOnlyForDeploymentPostprocessing = 0;
			shellPath = /bin/sh;
			shellScript = "if which swiftlint >/dev/null; then\n    swiftlint\nelse\n    echo \"warning: SwiftLint not installed, download from https://github.com/realm/SwiftLint\"\nfi";
		};
/* End PBXShellScriptBuildPhase section */

/* Begin PBXSourcesBuildPhase section */
		OBJ_20 /* Sources */ = {
			isa = PBXSourcesBuildPhase;
			buildActionMask = 0;
			files = (
				OBJ_21 /* Package.swift in Sources */,
				343ECBAC200CC93D00320259 /* LinuxMain.swift in Sources */,
			);
			runOnlyForDeploymentPostprocessing = 0;
		};
		OBJ_26 /* Sources */ = {
			isa = PBXSourcesBuildPhase;
			buildActionMask = 0;
			files = (
				578D2CA520019B1400EE3865 /* ResultTests.swift in Sources */,
				579F534E200151DF00E9996A /* MockURLSession.swift in Sources */,
				3409C9E32009EFE000353DC4 /* NetworkPostTests.swift in Sources */,
				578D2CA720019C3D00EE3865 /* SequenceExtensions.swift in Sources */,
				3434A0BF1FE7E025000659E5 /* IntegrationNetworkGetTests.swift in Sources */,
				3434A0BA1FE7DC30000659E5 /* URLRequestFactoryTests.swift in Sources */,
				3409C9E52009F4E900353DC4 /* IntegrationNetworkPostTests.swift in Sources */,
				3409C9F2200CC72300353DC4 /* URLWithQueryTrhrowErrorFakeBuildable.swift in Sources */,
				344FC7291FE5D7FC00958CE4 /* ResultGeneratorTests.swift in Sources */,
				344DD87D1FFEFC910021350B /* URLQueryAdapterTests.swift in Sources */,
				343ECBA5200CC90500320259 /* Empty.swift in Sources */,
				343ECBA8200CC90500320259 /* MovieQuery.swift in Sources */,
				3409C9EE200CC66A00353DC4 /* BodyThrowErrorFakeAdapter.swift in Sources */,
				343ECBA9200CC90500320259 /* SomeEntity.swift in Sources */,
				3481FEAE200D8C9700D0AD6D /* SerializerThrowErrorFakeAdapter.swift in Sources */,
				OBJ_27 /* NetworkGetTests.swift in Sources */,
				3481FE9A200D575000D0AD6D /* BodyAdapterTests.swift in Sources */,
				34F9C72A1FE89EF5002C1EB0 /* QueryItemAdapterTests.swift in Sources */,
				343ECBAA200CC90500320259 /* SomeError.swift in Sources */,
				343ECBA7200CC90500320259 /* Movie.swift in Sources */,
				34F91DA6200821B900FFAE20 /* XCTestCase+AssertContains.swift in Sources */,
				3434A0BC1FE7DD74000659E5 /* URLSessionFactoryTests.swift in Sources */,
				343ECBA6200CC90500320259 /* Fake.swift in Sources */,
				3481FEAC200D8C8200D0AD6D /* EncoderThrowErrorFakeAdapter.swift in Sources */,
				578D2CA3200199A500EE3865 /* FrisbeeErrorTests.swift in Sources */,
				34F91DA9200822F500FFAE20 /* FrisbeeError+All.swift in Sources */,
				3409C9F0200CC6AB00353DC4 /* DecoderThrowErrorFakeAdapter.swift in Sources */,
			);
			runOnlyForDeploymentPostprocessing = 0;
		};
		OBJ_35 /* Sources */ = {
			isa = PBXSourcesBuildPhase;
			buildActionMask = 0;
			files = (
				3481FEA0200D5A0100D0AD6D /* EncodableAdapter.swift in Sources */,
				3409C9E12009EFBA00353DC4 /* NetworkPost.swift in Sources */,
				3409C9E9200C385900353DC4 /* BodyAdapter.swift in Sources */,
				3481FEA6200D892F00D0AD6D /* SerializableAdapter.swift in Sources */,
				34C52E8720098A0F00DCD88C /* ResultGeneratorFactory.swift in Sources */,
				344FC71A1FE5B93200958CE4 /* Getable.swift in Sources */,
				344DD87B1FFEFBE40021350B /* URLQueryAdapter.swift in Sources */,
				34C52E832009844400DCD88C /* URLQueriableAdapterFactory.swift in Sources */,
				3434A0B41FE7D9FF000659E5 /* URLSessionFactory.swift in Sources */,
				3473C852200CD3810014C66E /* OnComplete.swift in Sources */,
				344FC71E1FE5BA0200958CE4 /* Result.swift in Sources */,
				3409C9E7200C385100353DC4 /* BodiableAdapter.swift in Sources */,
				344FC7261FE5D76B00958CE4 /* ResultGenerator.swift in Sources */,
				3409C9EB200C388E00353DC4 /* BodyAdapterFactory.swift in Sources */,
				3434A0B61FE7DA5A000659E5 /* HTTPMethod.swift in Sources */,
				344FC7201FE5BBFE00958CE4 /* NetworkGet.swift in Sources */,
				3434A0B21FE7D9CC000659E5 /* URLRequestFactory.swift in Sources */,
				3481FEAA200D895300D0AD6D /* JSONSerializableAdapterFactroy.swift in Sources */,
				3481FEA8200D894400D0AD6D /* JSONSerializerAdapter.swift in Sources */,
				34C52E852009895D00DCD88C /* DecodableAdapter.swift in Sources */,
				34C52E8920098A3100DCD88C /* DecodableAdapterFacotry.swift in Sources */,
				3481FE9E200D59ED00D0AD6D /* JSONEncoderAdapter.swift in Sources */,
				34C52E8B20098D4100DCD88C /* DecoderAdapter.swift in Sources */,
				344FC71C1FE5B9D500958CE4 /* FrisbeeError.swift in Sources */,
				3481FEA4200D5A6D00D0AD6D /* EncodableAdapterFactory.swift in Sources */,
				3409C9E02009EFBA00353DC4 /* Postable.swift in Sources */,
				3473C854200CD7570014C66E /* DataTaskRunner.swift in Sources */,
				34F9C72C1FE89F44002C1EB0 /* QueryItemAdapter.swift in Sources */,
				34C52E8D20098D8D00DCD88C /* URLQueriableAdapter.swift in Sources */,
			);
			runOnlyForDeploymentPostprocessing = 0;
		};
/* End PBXSourcesBuildPhase section */

/* Begin PBXTargetDependency section */
		OBJ_30 /* PBXTargetDependency */ = {
			isa = PBXTargetDependency;
			target = "Frisbee::Frisbee" /* Frisbee */;
			targetProxy = 344FC7171FE5B41500958CE4 /* PBXContainerItemProxy */;
		};
		OBJ_42 /* PBXTargetDependency */ = {
			isa = PBXTargetDependency;
			target = "Frisbee::FrisbeeTests" /* FrisbeeTests */;
			targetProxy = 344FC7181FE5B41600958CE4 /* PBXContainerItemProxy */;
		};
/* End PBXTargetDependency section */

/* Begin XCBuildConfiguration section */
		OBJ_18 /* Debug */ = {
			isa = XCBuildConfiguration;
			buildSettings = {
				LD = /usr/bin/true;
				OTHER_SWIFT_FLAGS = "-swift-version 4 -I /Applications/Xcode_9.0.1.app/Contents/Developer/Toolchains/XcodeDefault.xctoolchain/usr/lib/swift/pm/4 -target x86_64-apple-macosx10.10 -sdk /Applications/Xcode_9.0.1.app/Contents/Developer/Platforms/MacOSX.platform/Developer/SDKs/MacOSX10.13.sdk";
				SWIFT_VERSION = 4.0;
			};
			name = Debug;
		};
		OBJ_19 /* Release */ = {
			isa = XCBuildConfiguration;
			buildSettings = {
				LD = /usr/bin/true;
				OTHER_SWIFT_FLAGS = "-swift-version 4 -I /Applications/Xcode_9.0.1.app/Contents/Developer/Toolchains/XcodeDefault.xctoolchain/usr/lib/swift/pm/4 -target x86_64-apple-macosx10.10 -sdk /Applications/Xcode_9.0.1.app/Contents/Developer/Platforms/MacOSX.platform/Developer/SDKs/MacOSX10.13.sdk";
				SWIFT_VERSION = 4.0;
			};
			name = Release;
		};
		OBJ_24 /* Debug */ = {
			isa = XCBuildConfiguration;
			buildSettings = {
				EMBEDDED_CONTENT_CONTAINS_SWIFT = YES;
				FRAMEWORK_SEARCH_PATHS = (
					"$(inherited)",
					"$(PLATFORM_DIR)/Developer/Library/Frameworks",
				);
				HEADER_SEARCH_PATHS = "$(inherited)";
				INFOPLIST_FILE = Frisbee.xcodeproj/FrisbeeTests_Info.plist;
				LD_RUNPATH_SEARCH_PATHS = "@loader_path/../Frameworks @loader_path/Frameworks";
				OTHER_LDFLAGS = "$(inherited)";
				OTHER_SWIFT_FLAGS = "$(inherited)";
				SWIFT_VERSION = 4.0;
				TARGET_NAME = FrisbeeTests;
			};
			name = Debug;
		};
		OBJ_25 /* Release */ = {
			isa = XCBuildConfiguration;
			buildSettings = {
				EMBEDDED_CONTENT_CONTAINS_SWIFT = YES;
				FRAMEWORK_SEARCH_PATHS = (
					"$(inherited)",
					"$(PLATFORM_DIR)/Developer/Library/Frameworks",
				);
				HEADER_SEARCH_PATHS = "$(inherited)";
				INFOPLIST_FILE = Frisbee.xcodeproj/FrisbeeTests_Info.plist;
				LD_RUNPATH_SEARCH_PATHS = "@loader_path/../Frameworks @loader_path/Frameworks";
				OTHER_LDFLAGS = "$(inherited)";
				OTHER_SWIFT_FLAGS = "$(inherited)";
				SWIFT_VERSION = 4.0;
				TARGET_NAME = FrisbeeTests;
			};
			name = Release;
		};
		OBJ_3 /* Debug */ = {
			isa = XCBuildConfiguration;
			buildSettings = {
				CLANG_ENABLE_OBJC_ARC = YES;
				COMBINE_HIDPI_IMAGES = YES;
				COPY_PHASE_STRIP = NO;
				DEBUG_INFORMATION_FORMAT = dwarf;
				DYLIB_INSTALL_NAME_BASE = "@rpath";
				ENABLE_NS_ASSERTIONS = YES;
				GCC_OPTIMIZATION_LEVEL = 0;
				MACOSX_DEPLOYMENT_TARGET = 10.10;
				ONLY_ACTIVE_ARCH = YES;
				OTHER_SWIFT_FLAGS = "-DXcode";
				PRODUCT_NAME = "$(TARGET_NAME)";
				SDKROOT = macosx;
				SUPPORTED_PLATFORMS = "macosx iphoneos iphonesimulator appletvos appletvsimulator watchos watchsimulator";
				SWIFT_ACTIVE_COMPILATION_CONDITIONS = SWIFT_PACKAGE;
				SWIFT_OPTIMIZATION_LEVEL = "-Onone";
				USE_HEADERMAP = NO;
			};
			name = Debug;
		};
		OBJ_33 /* Debug */ = {
			isa = XCBuildConfiguration;
			buildSettings = {
				ENABLE_TESTABILITY = YES;
				FRAMEWORK_SEARCH_PATHS = (
					"$(inherited)",
					"$(PLATFORM_DIR)/Developer/Library/Frameworks",
				);
				HEADER_SEARCH_PATHS = "$(inherited)";
				INFOPLIST_FILE = Frisbee.xcodeproj/Frisbee_Info.plist;
				LD_RUNPATH_SEARCH_PATHS = "$(TOOLCHAIN_DIR)/usr/lib/swift/macosx";
				OTHER_LDFLAGS = "$(inherited)";
				OTHER_SWIFT_FLAGS = "$(inherited) -Xfrontend -warn-long-function-bodies=100 -Xfrontend -warn-long-expression-type-checking=100";
				PRODUCT_BUNDLE_IDENTIFIER = Frisbee;
				PRODUCT_MODULE_NAME = "$(TARGET_NAME:c99extidentifier)";
				PRODUCT_NAME = "$(TARGET_NAME:c99extidentifier)";
				SKIP_INSTALL = YES;
				SWIFT_VERSION = 4.0;
				TARGET_NAME = Frisbee;
			};
			name = Debug;
		};
		OBJ_34 /* Release */ = {
			isa = XCBuildConfiguration;
			buildSettings = {
				ENABLE_TESTABILITY = YES;
				FRAMEWORK_SEARCH_PATHS = (
					"$(inherited)",
					"$(PLATFORM_DIR)/Developer/Library/Frameworks",
				);
				HEADER_SEARCH_PATHS = "$(inherited)";
				INFOPLIST_FILE = Frisbee.xcodeproj/Frisbee_Info.plist;
				LD_RUNPATH_SEARCH_PATHS = "$(TOOLCHAIN_DIR)/usr/lib/swift/macosx";
				OTHER_LDFLAGS = "$(inherited)";
				OTHER_SWIFT_FLAGS = "$(inherited) -Xfrontend -warn-long-function-bodies=100 -Xfrontend -warn-long-expression-type-checking=100";
				PRODUCT_BUNDLE_IDENTIFIER = Frisbee;
				PRODUCT_MODULE_NAME = "$(TARGET_NAME:c99extidentifier)";
				PRODUCT_NAME = "$(TARGET_NAME:c99extidentifier)";
				SKIP_INSTALL = YES;
				SWIFT_VERSION = 4.0;
				TARGET_NAME = Frisbee;
			};
			name = Release;
		};
		OBJ_4 /* Release */ = {
			isa = XCBuildConfiguration;
			buildSettings = {
				CLANG_ENABLE_OBJC_ARC = YES;
				COMBINE_HIDPI_IMAGES = YES;
				COPY_PHASE_STRIP = YES;
				DEBUG_INFORMATION_FORMAT = "dwarf-with-dsym";
				DYLIB_INSTALL_NAME_BASE = "@rpath";
				GCC_OPTIMIZATION_LEVEL = s;
				MACOSX_DEPLOYMENT_TARGET = 10.10;
				OTHER_SWIFT_FLAGS = "-DXcode";
				PRODUCT_NAME = "$(TARGET_NAME)";
				SDKROOT = macosx;
				SUPPORTED_PLATFORMS = "macosx iphoneos iphonesimulator appletvos appletvsimulator watchos watchsimulator";
				SWIFT_ACTIVE_COMPILATION_CONDITIONS = SWIFT_PACKAGE;
				SWIFT_OPTIMIZATION_LEVEL = "-Owholemodule";
				USE_HEADERMAP = NO;
			};
			name = Release;
		};
		OBJ_40 /* Debug */ = {
			isa = XCBuildConfiguration;
			buildSettings = {
			};
			name = Debug;
		};
		OBJ_41 /* Release */ = {
			isa = XCBuildConfiguration;
			buildSettings = {
			};
			name = Release;
		};
/* End XCBuildConfiguration section */

/* Begin XCConfigurationList section */
		OBJ_17 /* Build configuration list for PBXNativeTarget "FrisbeePackageDescription" */ = {
			isa = XCConfigurationList;
			buildConfigurations = (
				OBJ_18 /* Debug */,
				OBJ_19 /* Release */,
			);
			defaultConfigurationIsVisible = 0;
			defaultConfigurationName = Debug;
		};
		OBJ_2 /* Build configuration list for PBXProject "Frisbee" */ = {
			isa = XCConfigurationList;
			buildConfigurations = (
				OBJ_3 /* Debug */,
				OBJ_4 /* Release */,
			);
			defaultConfigurationIsVisible = 0;
			defaultConfigurationName = Debug;
		};
		OBJ_23 /* Build configuration list for PBXNativeTarget "FrisbeeTests" */ = {
			isa = XCConfigurationList;
			buildConfigurations = (
				OBJ_24 /* Debug */,
				OBJ_25 /* Release */,
			);
			defaultConfigurationIsVisible = 0;
			defaultConfigurationName = Debug;
		};
		OBJ_32 /* Build configuration list for PBXNativeTarget "Frisbee" */ = {
			isa = XCConfigurationList;
			buildConfigurations = (
				OBJ_33 /* Debug */,
				OBJ_34 /* Release */,
			);
			defaultConfigurationIsVisible = 0;
			defaultConfigurationName = Debug;
		};
		OBJ_39 /* Build configuration list for PBXAggregateTarget "FrisbeePackageTests" */ = {
			isa = XCConfigurationList;
			buildConfigurations = (
				OBJ_40 /* Debug */,
				OBJ_41 /* Release */,
			);
			defaultConfigurationIsVisible = 0;
			defaultConfigurationName = Debug;
		};
/* End XCConfigurationList section */
	};
	rootObject = OBJ_1 /* Project object */;
}
